// !$*UTF8*$!
{
	archiveVersion = 1;
	classes = {
	};
	objectVersion = 46;
	objects = {

/* Begin PBXBuildFile section */
		F0389BCD195BD08A0048D0AC /* AppDelegate.swift in Sources */ = {isa = PBXBuildFile; fileRef = F0389BCC195BD08A0048D0AC /* AppDelegate.swift */; };
		F0389BCF195BD08A0048D0AC /* Images.xcassets in Resources */ = {isa = PBXBuildFile; fileRef = F0389BCE195BD08A0048D0AC /* Images.xcassets */; };
		F0389BDB195BD08A0048D0AC /* MyAppTests.swift in Sources */ = {isa = PBXBuildFile; fileRef = F0389BDA195BD08A0048D0AC /* MyAppTests.swift */; };
		F0389BE8195BD1030048D0AC /* RootViewController.m in Sources */ = {isa = PBXBuildFile; fileRef = F0389BE6195BD1030048D0AC /* RootViewController.m */; };
		F0389BE9195BD1030048D0AC /* RootViewController.xib in Resources */ = {isa = PBXBuildFile; fileRef = F0389BE7195BD1030048D0AC /* RootViewController.xib */; };
		F0389BEC195BD23B0048D0AC /* SubViewController.swift in Sources */ = {isa = PBXBuildFile; fileRef = F0389BEA195BD23B0048D0AC /* SubViewController.swift */; };
		F0389BED195BD23B0048D0AC /* SubViewController.xib in Resources */ = {isa = PBXBuildFile; fileRef = F0389BEB195BD23B0048D0AC /* SubViewController.xib */; };
		F0389BF0195BF8F90048D0AC /* SFTableView.m in Sources */ = {isa = PBXBuildFile; fileRef = F0389BEF195BF8F90048D0AC /* SFTableView.m */; };
/* End PBXBuildFile section */

/* Begin PBXContainerItemProxy section */
		F0389BD5195BD08A0048D0AC /* PBXContainerItemProxy */ = {
			isa = PBXContainerItemProxy;
			containerPortal = F0389BBF195BD08A0048D0AC /* Project object */;
			proxyType = 1;
			remoteGlobalIDString = F0389BC6195BD08A0048D0AC;
			remoteInfo = MyApp;
		};
/* End PBXContainerItemProxy section */

/* Begin PBXFileReference section */
		F0389BC7195BD08A0048D0AC /* MyApp.app */ = {isa = PBXFileReference; explicitFileType = wrapper.application; includeInIndex = 0; path = MyApp.app; sourceTree = BUILT_PRODUCTS_DIR; };
		F0389BCB195BD08A0048D0AC /* Info.plist */ = {isa = PBXFileReference; lastKnownFileType = text.plist.xml; path = Info.plist; sourceTree = "<group>"; };
		F0389BCC195BD08A0048D0AC /* AppDelegate.swift */ = {isa = PBXFileReference; lastKnownFileType = sourcecode.swift; path = AppDelegate.swift; sourceTree = "<group>"; };
		F0389BCE195BD08A0048D0AC /* Images.xcassets */ = {isa = PBXFileReference; lastKnownFileType = folder.assetcatalog; path = Images.xcassets; sourceTree = "<group>"; };
		F0389BD4195BD08A0048D0AC /* MyAppTests.xctest */ = {isa = PBXFileReference; explicitFileType = wrapper.cfbundle; includeInIndex = 0; path = MyAppTests.xctest; sourceTree = BUILT_PRODUCTS_DIR; };
		F0389BD9195BD08A0048D0AC /* Info.plist */ = {isa = PBXFileReference; lastKnownFileType = text.plist.xml; path = Info.plist; sourceTree = "<group>"; };
		F0389BDA195BD08A0048D0AC /* MyAppTests.swift */ = {isa = PBXFileReference; lastKnownFileType = sourcecode.swift; path = MyAppTests.swift; sourceTree = "<group>"; };
		F0389BE4195BD1020048D0AC /* MyApp-Bridging-Header.h */ = {isa = PBXFileReference; lastKnownFileType = sourcecode.c.h; path = "MyApp-Bridging-Header.h"; sourceTree = "<group>"; };
		F0389BE5195BD1030048D0AC /* RootViewController.h */ = {isa = PBXFileReference; fileEncoding = 4; lastKnownFileType = sourcecode.c.h; path = RootViewController.h; sourceTree = "<group>"; };
		F0389BE6195BD1030048D0AC /* RootViewController.m */ = {isa = PBXFileReference; fileEncoding = 4; lastKnownFileType = sourcecode.c.objc; path = RootViewController.m; sourceTree = "<group>"; };
		F0389BE7195BD1030048D0AC /* RootViewController.xib */ = {isa = PBXFileReference; fileEncoding = 4; lastKnownFileType = file.xib; path = RootViewController.xib; sourceTree = "<group>"; };
		F0389BEA195BD23B0048D0AC /* SubViewController.swift */ = {isa = PBXFileReference; fileEncoding = 4; lastKnownFileType = sourcecode.swift; path = SubViewController.swift; sourceTree = "<group>"; };
		F0389BEB195BD23B0048D0AC /* SubViewController.xib */ = {isa = PBXFileReference; fileEncoding = 4; lastKnownFileType = file.xib; path = SubViewController.xib; sourceTree = "<group>"; };
		F0389BEE195BF8F90048D0AC /* SFTableView.h */ = {isa = PBXFileReference; fileEncoding = 4; lastKnownFileType = sourcecode.c.h; path = SFTableView.h; sourceTree = "<group>"; };
		F0389BEF195BF8F90048D0AC /* SFTableView.m */ = {isa = PBXFileReference; fileEncoding = 4; lastKnownFileType = sourcecode.c.objc; path = SFTableView.m; sourceTree = "<group>"; };
/* End PBXFileReference section */

/* Begin PBXFrameworksBuildPhase section */
		F0389BC4195BD08A0048D0AC /* Frameworks */ = {
			isa = PBXFrameworksBuildPhase;
			buildActionMask = 2147483647;
			files = (
			);
			runOnlyForDeploymentPostprocessing = 0;
		};
		F0389BD1195BD08A0048D0AC /* Frameworks */ = {
			isa = PBXFrameworksBuildPhase;
			buildActionMask = 2147483647;
			files = (
			);
			runOnlyForDeploymentPostprocessing = 0;
		};
/* End PBXFrameworksBuildPhase section */

/* Begin PBXGroup section */
		F0389BBE195BD08A0048D0AC = {
			isa = PBXGroup;
			children = (
				F0389BC9195BD08A0048D0AC /* MyApp */,
				F0389BD7195BD08A0048D0AC /* MyAppTests */,
				F0389BC8195BD08A0048D0AC /* Products */,
			);
			sourceTree = "<group>";
		};
		F0389BC8195BD08A0048D0AC /* Products */ = {
			isa = PBXGroup;
			children = (
				F0389BC7195BD08A0048D0AC /* MyApp.app */,
				F0389BD4195BD08A0048D0AC /* MyAppTests.xctest */,
			);
			name = Products;
			sourceTree = "<group>";
		};
		F0389BC9195BD08A0048D0AC /* MyApp */ = {
			isa = PBXGroup;
			children = (
				F0389BCC195BD08A0048D0AC /* AppDelegate.swift */,
				F0389BE5195BD1030048D0AC /* RootViewController.h */,
				F0389BE6195BD1030048D0AC /* RootViewController.m */,
				F0389BE7195BD1030048D0AC /* RootViewController.xib */,
				F0389BEA195BD23B0048D0AC /* SubViewController.swift */,
				F0389BEB195BD23B0048D0AC /* SubViewController.xib */,
				F0389BEE195BF8F90048D0AC /* SFTableView.h */,
				F0389BEF195BF8F90048D0AC /* SFTableView.m */,
				F0389BCE195BD08A0048D0AC /* Images.xcassets */,
				F0389BCA195BD08A0048D0AC /* Supporting Files */,
				F0389BE4195BD1020048D0AC /* MyApp-Bridging-Header.h */,
			);
			path = MyApp;
			sourceTree = "<group>";
		};
		F0389BCA195BD08A0048D0AC /* Supporting Files */ = {
			isa = PBXGroup;
			children = (
				F0389BCB195BD08A0048D0AC /* Info.plist */,
			);
			name = "Supporting Files";
			sourceTree = "<group>";
		};
		F0389BD7195BD08A0048D0AC /* MyAppTests */ = {
			isa = PBXGroup;
			children = (
				F0389BDA195BD08A0048D0AC /* MyAppTests.swift */,
				F0389BD8195BD08A0048D0AC /* Supporting Files */,
			);
			path = MyAppTests;
			sourceTree = "<group>";
		};
		F0389BD8195BD08A0048D0AC /* Supporting Files */ = {
			isa = PBXGroup;
			children = (
				F0389BD9195BD08A0048D0AC /* Info.plist */,
			);
			name = "Supporting Files";
			sourceTree = "<group>";
		};
/* End PBXGroup section */

/* Begin PBXNativeTarget section */
		F0389BC6195BD08A0048D0AC /* MyApp */ = {
			isa = PBXNativeTarget;
			buildConfigurationList = F0389BDE195BD08A0048D0AC /* Build configuration list for PBXNativeTarget "MyApp" */;
			buildPhases = (
				F0389BC3195BD08A0048D0AC /* Sources */,
				F0389BC4195BD08A0048D0AC /* Frameworks */,
				F0389BC5195BD08A0048D0AC /* Resources */,
			);
			buildRules = (
			);
			dependencies = (
			);
			name = MyApp;
			productName = MyApp;
			productReference = F0389BC7195BD08A0048D0AC /* MyApp.app */;
			productType = "com.apple.product-type.application";
		};
		F0389BD3195BD08A0048D0AC /* MyAppTests */ = {
			isa = PBXNativeTarget;
			buildConfigurationList = F0389BE1195BD08A0048D0AC /* Build configuration list for PBXNativeTarget "MyAppTests" */;
			buildPhases = (
				F0389BD0195BD08A0048D0AC /* Sources */,
				F0389BD1195BD08A0048D0AC /* Frameworks */,
				F0389BD2195BD08A0048D0AC /* Resources */,
			);
			buildRules = (
			);
			dependencies = (
				F0389BD6195BD08A0048D0AC /* PBXTargetDependency */,
			);
			name = MyAppTests;
			productName = MyAppTests;
			productReference = F0389BD4195BD08A0048D0AC /* MyAppTests.xctest */;
			productType = "com.apple.product-type.bundle.unit-test";
		};
/* End PBXNativeTarget section */

/* Begin PBXProject section */
		F0389BBF195BD08A0048D0AC /* Project object */ = {
			isa = PBXProject;
			attributes = {
				LastUpgradeCheck = 0600;
				ORGANIZATIONNAME = sfwan;
				TargetAttributes = {
					F0389BC6195BD08A0048D0AC = {
						CreatedOnToolsVersion = 6.0;
					};
					F0389BD3195BD08A0048D0AC = {
						CreatedOnToolsVersion = 6.0;
						TestTargetID = F0389BC6195BD08A0048D0AC;
					};
				};
			};
			buildConfigurationList = F0389BC2195BD08A0048D0AC /* Build configuration list for PBXProject "MyApp" */;
			compatibilityVersion = "Xcode 3.2";
			developmentRegion = English;
			hasScannedForEncodings = 0;
			knownRegions = (
				en,
			);
			mainGroup = F0389BBE195BD08A0048D0AC;
			productRefGroup = F0389BC8195BD08A0048D0AC /* Products */;
			projectDirPath = "";
			projectRoot = "";
			targets = (
				F0389BC6195BD08A0048D0AC /* MyApp */,
				F0389BD3195BD08A0048D0AC /* MyAppTests */,
			);
		};
/* End PBXProject section */

/* Begin PBXResourcesBuildPhase section */
		F0389BC5195BD08A0048D0AC /* Resources */ = {
			isa = PBXResourcesBuildPhase;
			buildActionMask = 2147483647;
			files = (
				F0389BE9195BD1030048D0AC /* RootViewController.xib in Resources */,
				F0389BED195BD23B0048D0AC /* SubViewController.xib in Resources */,
				F0389BCF195BD08A0048D0AC /* Images.xcassets in Resources */,
			);
			runOnlyForDeploymentPostprocessing = 0;
		};
		F0389BD2195BD08A0048D0AC /* Resources */ = {
			isa = PBXResourcesBuildPhase;
			buildActionMask = 2147483647;
			files = (
			);
			runOnlyForDeploymentPostprocessing = 0;
		};
/* End PBXResourcesBuildPhase section */

/* Begin PBXSourcesBuildPhase section */
		F0389BC3195BD08A0048D0AC /* Sources */ = {
			isa = PBXSourcesBuildPhase;
			buildActionMask = 2147483647;
			files = (
				F0389BF0195BF8F90048D0AC /* SFTableView.m in Sources */,
				F0389BEC195BD23B0048D0AC /* SubViewController.swift in Sources */,
				F0389BE8195BD1030048D0AC /* RootViewController.m in Sources */,
				F0389BCD195BD08A0048D0AC /* AppDelegate.swift in Sources */,
			);
			runOnlyForDeploymentPostprocessing = 0;
		};
		F0389BD0195BD08A0048D0AC /* Sources */ = {
			isa = PBXSourcesBuildPhase;
			buildActionMask = 2147483647;
			files = (
				F0389BDB195BD08A0048D0AC /* MyAppTests.swift in Sources */,
			);
			runOnlyForDeploymentPostprocessing = 0;
		};
/* End PBXSourcesBuildPhase section */

/* Begin PBXTargetDependency section */
		F0389BD6195BD08A0048D0AC /* PBXTargetDependency */ = {
			isa = PBXTargetDependency;
			target = F0389BC6195BD08A0048D0AC /* MyApp */;
			targetProxy = F0389BD5195BD08A0048D0AC /* PBXContainerItemProxy */;
		};
/* End PBXTargetDependency section */

/* Begin XCBuildConfiguration section */
		F0389BDC195BD08A0048D0AC /* Debug */ = {
			isa = XCBuildConfiguration;
			buildSettings = {
				ALWAYS_SEARCH_USER_PATHS = NO;
				CLANG_CXX_LANGUAGE_STANDARD = "gnu++0x";
				CLANG_CXX_LIBRARY = "libc++";
				CLANG_ENABLE_MODULES = YES;
				CLANG_ENABLE_OBJC_ARC = YES;
				CLANG_WARN_BOOL_CONVERSION = YES;
				CLANG_WARN_CONSTANT_CONVERSION = YES;
				CLANG_WARN_DIRECT_OBJC_ISA_USAGE = YES_ERROR;
				CLANG_WARN_EMPTY_BODY = YES;
				CLANG_WARN_ENUM_CONVERSION = YES;
				CLANG_WARN_INT_CONVERSION = YES;
				CLANG_WARN_OBJC_ROOT_CLASS = YES_ERROR;
				CLANG_WARN_UNREACHABLE_CODE = YES;
				CLANG_WARN__DUPLICATE_METHOD_MATCH = YES;
				"CODE_SIGN_IDENTITY[sdk=iphoneos*]" = "iPhone Developer";
				COPY_PHASE_STRIP = NO;
				ENABLE_STRICT_OBJC_MSGSEND = YES;
				GCC_C_LANGUAGE_STANDARD = gnu99;
				GCC_DYNAMIC_NO_PIC = NO;
				GCC_OPTIMIZATION_LEVEL = 0;
				GCC_PREPROCESSOR_DEFINITIONS = (
					"DEBUG=1",
					"$(inherited)",
				);
				GCC_SYMBOLS_PRIVATE_EXTERN = NO;
				GCC_WARN_64_TO_32_BIT_CONVERSION = YES;
				GCC_WARN_ABOUT_RETURN_TYPE = YES_ERROR;
				GCC_WARN_UNDECLARED_SELECTOR = YES;
				GCC_WARN_UNINITIALIZED_AUTOS = YES_AGGRESSIVE;
				GCC_WARN_UNUSED_FUNCTION = YES;
				GCC_WARN_UNUSED_VARIABLE = YES;
				IPHONEOS_DEPLOYMENT_TARGET = 8.0;
				METAL_ENABLE_DEBUG_INFO = YES;
				ONLY_ACTIVE_ARCH = YES;
				SDKROOT = iphoneos;
				SWIFT_OPTIMIZATION_LEVEL = "-Onone";
				TARGETED_DEVICE_FAMILY = "1,2";
			};
			name = Debug;
		};
		F0389BDD195BD08A0048D0AC /* Release */ = {
			isa = XCBuildConfiguration;
			buildSettings = {
				ALWAYS_SEARCH_USER_PATHS = NO;
				CLANG_CXX_LANGUAGE_STANDARD = "gnu++0x";
				CLANG_CXX_LIBRARY = "libc++";
				CLANG_ENABLE_MODULES = YES;
				CLANG_ENABLE_OBJC_ARC = YES;
				CLANG_WARN_BOOL_CONVERSION = YES;
				CLANG_WARN_CONSTANT_CONVERSION = YES;
				CLANG_WARN_DIRECT_OBJC_ISA_USAGE = YES_ERROR;
				CLANG_WARN_EMPTY_BODY = YES;
				CLANG_WARN_ENUM_CONVERSION = YES;
				CLANG_WARN_INT_CONVERSION = YES;
				CLANG_WARN_OBJC_ROOT_CLASS = YES_ERROR;
				CLANG_WARN_UNREACHABLE_CODE = YES;
				CLANG_WARN__DUPLICATE_METHOD_MATCH = YES;
				"CODE_SIGN_IDENTITY[sdk=iphoneos*]" = "iPhone Developer";
				COPY_PHASE_STRIP = YES;
				ENABLE_NS_ASSERTIONS = NO;
				ENABLE_STRICT_OBJC_MSGSEND = YES;
				GCC_C_LANGUAGE_STANDARD = gnu99;
				GCC_WARN_64_TO_32_BIT_CONVERSION = YES;
				GCC_WARN_ABOUT_RETURN_TYPE = YES_ERROR;
				GCC_WARN_UNDECLARED_SELECTOR = YES;
				GCC_WARN_UNINITIALIZED_AUTOS = YES_AGGRESSIVE;
				GCC_WARN_UNUSED_FUNCTION = YES;
				GCC_WARN_UNUSED_VARIABLE = YES;
				IPHONEOS_DEPLOYMENT_TARGET = 8.0;
				METAL_ENABLE_DEBUG_INFO = NO;
				SDKROOT = iphoneos;
				TARGETED_DEVICE_FAMILY = "1,2";
				VALIDATE_PRODUCT = YES;
			};
			name = Release;
		};
		F0389BDF195BD08A0048D0AC /* Debug */ = {
			isa = XCBuildConfiguration;
			buildSettings = {
				ASSETCATALOG_COMPILER_APPICON_NAME = AppIcon;
				ASSETCATALOG_COMPILER_LAUNCHIMAGE_NAME = LaunchImage;
				CLANG_ENABLE_MODULES = YES;
				INFOPLIST_FILE = MyApp/Info.plist;
				LD_RUNPATH_SEARCH_PATHS = "$(inherited) @executable_path/Frameworks";
				PRODUCT_MODULE_NAME = SwiftModule;
				PRODUCT_NAME = "$(TARGET_NAME)";
				SWIFT_OBJC_BRIDGING_HEADER = "MyApp/MyApp-Bridging-Header.h";
				SWIFT_OPTIMIZATION_LEVEL = "-Onone";
			};
			name = Debug;
		};
		F0389BE0195BD08A0048D0AC /* Release */ = {
			isa = XCBuildConfiguration;
			buildSettings = {
				ASSETCATALOG_COMPILER_APPICON_NAME = AppIcon;
				ASSETCATALOG_COMPILER_LAUNCHIMAGE_NAME = LaunchImage;
				CLANG_ENABLE_MODULES = YES;
				INFOPLIST_FILE = MyApp/Info.plist;
				LD_RUNPATH_SEARCH_PATHS = "$(inherited) @executable_path/Frameworks";
				PRODUCT_MODULE_NAME = SwiftModule;
				PRODUCT_NAME = "$(TARGET_NAME)";
				SWIFT_OBJC_BRIDGING_HEADER = "MyApp/MyApp-Bridging-Header.h";
			};
			name = Release;
		};
		F0389BE2195BD08A0048D0AC /* Debug */ = {
			isa = XCBuildConfiguration;
			buildSettings = {
				BUNDLE_LOADER = "$(BUILT_PRODUCTS_DIR)/MyApp.app/MyApp";
				FRAMEWORK_SEARCH_PATHS = (
					"$(SDKROOT)/Developer/Library/Frameworks",
					"$(inherited)",
				);
				GCC_PREPROCESSOR_DEFINITIONS = (
					"DEBUG=1",
					"$(inherited)",
				);
				INFOPLIST_FILE = MyAppTests/Info.plist;
				LD_RUNPATH_SEARCH_PATHS = "$(inherited) @executable_path/Frameworks @loader_path/Frameworks";
				METAL_ENABLE_DEBUG_INFO = YES;
				PRODUCT_NAME = "$(TARGET_NAME)";
				TEST_HOST = "$(BUNDLE_LOADER)";
			};
			name = Debug;
		};
		F0389BE3195BD08A0048D0AC /* Release */ = {
			isa = XCBuildConfiguration;
			buildSettings = {
				BUNDLE_LOADER = "$(BUILT_PRODUCTS_DIR)/MyApp.app/MyApp";
				FRAMEWORK_SEARCH_PATHS = (
					"$(SDKROOT)/Developer/Library/Frameworks",
					"$(inherited)",
				);
				INFOPLIST_FILE = MyAppTests/Info.plist;
				LD_RUNPATH_SEARCH_PATHS = "$(inherited) @executable_path/Frameworks @loader_path/Frameworks";
				METAL_ENABLE_DEBUG_INFO = NO;
				PRODUCT_NAME = "$(TARGET_NAME)";
				TEST_HOST = "$(BUNDLE_LOADER)";
			};
			name = Release;
		};
/* End XCBuildConfiguration section */

/* Begin XCConfigurationList section */
		F0389BC2195BD08A0048D0AC /* Build configuration list for PBXProject "MyApp" */ = {
			isa = XCConfigurationList;
			buildConfigurations = (
				F0389BDC195BD08A0048D0AC /* Debug */,
				F0389BDD195BD08A0048D0AC /* Release */,
			);
			defaultConfigurationIsVisible = 0;
			defaultConfigurationName = Release;
		};
		F0389BDE195BD08A0048D0AC /* Build configuration list for PBXNativeTarget "MyApp" */ = {
			isa = XCConfigurationList;
			buildConfigurations = (
				F0389BDF195BD08A0048D0AC /* Debug */,
				F0389BE0195BD08A0048D0AC /* Release */,
			);
			defaultConfigurationIsVisible = 0;
		};
		F0389BE1195BD08A0048D0AC /* Build configuration list for PBXNativeTarget "MyAppTests" */ = {
			isa = XCConfigurationList;
			buildConfigurations = (
				F0389BE2195BD08A0048D0AC /* Debug */,
				F0389BE3195BD08A0048D0AC /* Release */,
			);
			defaultConfigurationIsVisible = 0;
		};
/* End XCConfigurationList section */
	};
	rootObject = F0389BBF195BD08A0048D0AC /* Project object */;
}
