// !$*UTF8*$!
{
	archiveVersion = 1;
	classes = {
	};
	objectVersion = 46;
	objects = {

/* Begin PBXBuildFile section */
		650627FF18819ED100311A39 /* Foundation.framework in Frameworks */ = {isa = PBXBuildFile; fileRef = 650627FE18819ED100311A39 /* Foundation.framework */; };
		6506280118819ED100311A39 /* CoreGraphics.framework in Frameworks */ = {isa = PBXBuildFile; fileRef = 6506280018819ED100311A39 /* CoreGraphics.framework */; };
		6506280318819ED100311A39 /* UIKit.framework in Frameworks */ = {isa = PBXBuildFile; fileRef = 6506280218819ED100311A39 /* UIKit.framework */; };
		6506280918819ED100311A39 /* InfoPlist.strings in Resources */ = {isa = PBXBuildFile; fileRef = 6506280718819ED100311A39 /* InfoPlist.strings */; };
		6506280B18819ED100311A39 /* main.m in Sources */ = {isa = PBXBuildFile; fileRef = 6506280A18819ED100311A39 /* main.m */; };
		6506280F18819ED100311A39 /* AppDelegate.m in Sources */ = {isa = PBXBuildFile; fileRef = 6506280E18819ED100311A39 /* AppDelegate.m */; };
		6506281118819ED100311A39 /* Images.xcassets in Resources */ = {isa = PBXBuildFile; fileRef = 6506281018819ED100311A39 /* Images.xcassets */; };
		6506281818819ED100311A39 /* XCTest.framework in Frameworks */ = {isa = PBXBuildFile; fileRef = 6506281718819ED100311A39 /* XCTest.framework */; };
		6506281918819ED100311A39 /* Foundation.framework in Frameworks */ = {isa = PBXBuildFile; fileRef = 650627FE18819ED100311A39 /* Foundation.framework */; };
		6506281A18819ED100311A39 /* UIKit.framework in Frameworks */ = {isa = PBXBuildFile; fileRef = 6506280218819ED100311A39 /* UIKit.framework */; };
		6506282218819ED100311A39 /* InfoPlist.strings in Resources */ = {isa = PBXBuildFile; fileRef = 6506282018819ED100311A39 /* InfoPlist.strings */; };
		6506282418819ED100311A39 /* NewCityTests.m in Sources */ = {isa = PBXBuildFile; fileRef = 6506282318819ED100311A39 /* NewCityTests.m */; };
		650628321881AA2E00311A39 /* ChineseToPinyin.m in Sources */ = {isa = PBXBuildFile; fileRef = 650628311881AA2E00311A39 /* ChineseToPinyin.m */; };
/* End PBXBuildFile section */

/* Begin PBXContainerItemProxy section */
		6506281B18819ED100311A39 /* PBXContainerItemProxy */ = {
			isa = PBXContainerItemProxy;
			containerPortal = 650627F318819ED100311A39 /* Project object */;
			proxyType = 1;
			remoteGlobalIDString = 650627FA18819ED100311A39;
			remoteInfo = NewCity;
		};
/* End PBXContainerItemProxy section */

/* Begin PBXFileReference section */
		650627FB18819ED100311A39 /* NewCity.app */ = {isa = PBXFileReference; explicitFileType = wrapper.application; includeInIndex = 0; path = NewCity.app; sourceTree = BUILT_PRODUCTS_DIR; };
		650627FE18819ED100311A39 /* Foundation.framework */ = {isa = PBXFileReference; lastKnownFileType = wrapper.framework; name = Foundation.framework; path = System/Library/Frameworks/Foundation.framework; sourceTree = SDKROOT; };
		6506280018819ED100311A39 /* CoreGraphics.framework */ = {isa = PBXFileReference; lastKnownFileType = wrapper.framework; name = CoreGraphics.framework; path = System/Library/Frameworks/CoreGraphics.framework; sourceTree = SDKROOT; };
		6506280218819ED100311A39 /* UIKit.framework */ = {isa = PBXFileReference; lastKnownFileType = wrapper.framework; name = UIKit.framework; path = System/Library/Frameworks/UIKit.framework; sourceTree = SDKROOT; };
		6506280618819ED100311A39 /* NewCity-Info.plist */ = {isa = PBXFileReference; lastKnownFileType = text.plist.xml; path = "NewCity-Info.plist"; sourceTree = "<group>"; };
		6506280818819ED100311A39 /* en */ = {isa = PBXFileReference; lastKnownFileType = text.plist.strings; name = en; path = en.lproj/InfoPlist.strings; sourceTree = "<group>"; };
		6506280A18819ED100311A39 /* main.m */ = {isa = PBXFileReference; lastKnownFileType = sourcecode.c.objc; path = main.m; sourceTree = "<group>"; };
		6506280C18819ED100311A39 /* NewCity-Prefix.pch */ = {isa = PBXFileReference; lastKnownFileType = sourcecode.c.h; path = "NewCity-Prefix.pch"; sourceTree = "<group>"; };
		6506280D18819ED100311A39 /* AppDelegate.h */ = {isa = PBXFileReference; lastKnownFileType = sourcecode.c.h; name = AppDelegate.h; path = NewCity/AppDelegate.h; sourceTree = "<group>"; };
		6506280E18819ED100311A39 /* AppDelegate.m */ = {isa = PBXFileReference; lastKnownFileType = sourcecode.c.objc; path = AppDelegate.m; sourceTree = "<group>"; };
		6506281018819ED100311A39 /* Images.xcassets */ = {isa = PBXFileReference; lastKnownFileType = folder.assetcatalog; path = Images.xcassets; sourceTree = "<group>"; };
		6506281618819ED100311A39 /* NewCityTests.xctest */ = {isa = PBXFileReference; explicitFileType = wrapper.cfbundle; includeInIndex = 0; path = NewCityTests.xctest; sourceTree = BUILT_PRODUCTS_DIR; };
		6506281718819ED100311A39 /* XCTest.framework */ = {isa = PBXFileReference; lastKnownFileType = wrapper.framework; name = XCTest.framework; path = Library/Frameworks/XCTest.framework; sourceTree = DEVELOPER_DIR; };
		6506281F18819ED100311A39 /* NewCityTests-Info.plist */ = {isa = PBXFileReference; lastKnownFileType = text.plist.xml; path = "NewCityTests-Info.plist"; sourceTree = "<group>"; };
		6506282118819ED100311A39 /* en */ = {isa = PBXFileReference; lastKnownFileType = text.plist.strings; name = en; path = en.lproj/InfoPlist.strings; sourceTree = "<group>"; };
		6506282318819ED100311A39 /* NewCityTests.m */ = {isa = PBXFileReference; lastKnownFileType = sourcecode.c.objc; path = NewCityTests.m; sourceTree = "<group>"; };
		650628301881AA2E00311A39 /* ChineseToPinyin.h */ = {isa = PBXFileReference; fileEncoding = 4; lastKnownFileType = sourcecode.c.h; path = ChineseToPinyin.h; sourceTree = "<group>"; };
		650628311881AA2E00311A39 /* ChineseToPinyin.m */ = {isa = PBXFileReference; fileEncoding = 4; lastKnownFileType = sourcecode.c.objc; path = ChineseToPinyin.m; sourceTree = "<group>"; };
/* End PBXFileReference section */

/* Begin PBXFrameworksBuildPhase section */
		650627F818819ED100311A39 /* Frameworks */ = {
			isa = PBXFrameworksBuildPhase;
			buildActionMask = 2147483647;
			files = (
				6506280118819ED100311A39 /* CoreGraphics.framework in Frameworks */,
				6506280318819ED100311A39 /* UIKit.framework in Frameworks */,
				650627FF18819ED100311A39 /* Foundation.framework in Frameworks */,
			);
			runOnlyForDeploymentPostprocessing = 0;
		};
		6506281318819ED100311A39 /* Frameworks */ = {
			isa = PBXFrameworksBuildPhase;
			buildActionMask = 2147483647;
			files = (
				6506281818819ED100311A39 /* XCTest.framework in Frameworks */,
				6506281A18819ED100311A39 /* UIKit.framework in Frameworks */,
				6506281918819ED100311A39 /* Foundation.framework in Frameworks */,
			);
			runOnlyForDeploymentPostprocessing = 0;
		};
/* End PBXFrameworksBuildPhase section */

/* Begin PBXGroup section */
		650627F218819ED100311A39 = {
			isa = PBXGroup;
			children = (
				6506280D18819ED100311A39 /* AppDelegate.h */,
				6506280418819ED100311A39 /* NewCity */,
				6506281D18819ED100311A39 /* NewCityTests */,
				650627FD18819ED100311A39 /* Frameworks */,
				650627FC18819ED100311A39 /* Products */,
			);
			sourceTree = "<group>";
		};
		650627FC18819ED100311A39 /* Products */ = {
			isa = PBXGroup;
			children = (
				650627FB18819ED100311A39 /* NewCity.app */,
				6506281618819ED100311A39 /* NewCityTests.xctest */,
			);
			name = Products;
			sourceTree = "<group>";
		};
		650627FD18819ED100311A39 /* Frameworks */ = {
			isa = PBXGroup;
			children = (
				650627FE18819ED100311A39 /* Foundation.framework */,
				6506280018819ED100311A39 /* CoreGraphics.framework */,
				6506280218819ED100311A39 /* UIKit.framework */,
				6506281718819ED100311A39 /* XCTest.framework */,
			);
			name = Frameworks;
			sourceTree = "<group>";
		};
		6506280418819ED100311A39 /* NewCity */ = {
			isa = PBXGroup;
			children = (
				6506280E18819ED100311A39 /* AppDelegate.m */,
				650628301881AA2E00311A39 /* ChineseToPinyin.h */,
				650628311881AA2E00311A39 /* ChineseToPinyin.m */,
				6506281018819ED100311A39 /* Images.xcassets */,
				6506280518819ED100311A39 /* Supporting Files */,
			);
			path = NewCity;
			sourceTree = "<group>";
		};
		6506280518819ED100311A39 /* Supporting Files */ = {
			isa = PBXGroup;
			children = (
				6506280618819ED100311A39 /* NewCity-Info.plist */,
				6506280718819ED100311A39 /* InfoPlist.strings */,
				6506280A18819ED100311A39 /* main.m */,
				6506280C18819ED100311A39 /* NewCity-Prefix.pch */,
			);
			name = "Supporting Files";
			sourceTree = "<group>";
		};
		6506281D18819ED100311A39 /* NewCityTests */ = {
			isa = PBXGroup;
			children = (
				6506282318819ED100311A39 /* NewCityTests.m */,
				6506281E18819ED100311A39 /* Supporting Files */,
			);
			path = NewCityTests;
			sourceTree = "<group>";
		};
		6506281E18819ED100311A39 /* Supporting Files */ = {
			isa = PBXGroup;
			children = (
				6506281F18819ED100311A39 /* NewCityTests-Info.plist */,
				6506282018819ED100311A39 /* InfoPlist.strings */,
			);
			name = "Supporting Files";
			sourceTree = "<group>";
		};
/* End PBXGroup section */

/* Begin PBXNativeTarget section */
		650627FA18819ED100311A39 /* NewCity */ = {
			isa = PBXNativeTarget;
			buildConfigurationList = 6506282718819ED100311A39 /* Build configuration list for PBXNativeTarget "NewCity" */;
			buildPhases = (
				650627F718819ED100311A39 /* Sources */,
				650627F818819ED100311A39 /* Frameworks */,
				650627F918819ED100311A39 /* Resources */,
			);
			buildRules = (
			);
			dependencies = (
			);
			name = NewCity;
			productName = NewCity;
			productReference = 650627FB18819ED100311A39 /* NewCity.app */;
			productType = "com.apple.product-type.application";
		};
		6506281518819ED100311A39 /* NewCityTests */ = {
			isa = PBXNativeTarget;
			buildConfigurationList = 6506282A18819ED100311A39 /* Build configuration list for PBXNativeTarget "NewCityTests" */;
			buildPhases = (
				6506281218819ED100311A39 /* Sources */,
				6506281318819ED100311A39 /* Frameworks */,
				6506281418819ED100311A39 /* Resources */,
			);
			buildRules = (
			);
			dependencies = (
				6506281C18819ED100311A39 /* PBXTargetDependency */,
			);
			name = NewCityTests;
			productName = NewCityTests;
			productReference = 6506281618819ED100311A39 /* NewCityTests.xctest */;
			productType = "com.apple.product-type.bundle.unit-test";
		};
/* End PBXNativeTarget section */

/* Begin PBXProject section */
		650627F318819ED100311A39 /* Project object */ = {
			isa = PBXProject;
			attributes = {
				LastUpgradeCheck = 0500;
				ORGANIZATIONNAME = shaofa;
				TargetAttributes = {
					6506281518819ED100311A39 = {
						TestTargetID = 650627FA18819ED100311A39;
					};
				};
			};
			buildConfigurationList = 650627F618819ED100311A39 /* Build configuration list for PBXProject "NewCity" */;
			compatibilityVersion = "Xcode 3.2";
			developmentRegion = English;
			hasScannedForEncodings = 0;
			knownRegions = (
				en,
			);
			mainGroup = 650627F218819ED100311A39;
			productRefGroup = 650627FC18819ED100311A39 /* Products */;
			projectDirPath = "";
			projectRoot = "";
			targets = (
				650627FA18819ED100311A39 /* NewCity */,
				6506281518819ED100311A39 /* NewCityTests */,
			);
		};
/* End PBXProject section */

/* Begin PBXResourcesBuildPhase section */
		650627F918819ED100311A39 /* Resources */ = {
			isa = PBXResourcesBuildPhase;
			buildActionMask = 2147483647;
			files = (
				6506280918819ED100311A39 /* InfoPlist.strings in Resources */,
				6506281118819ED100311A39 /* Images.xcassets in Resources */,
			);
			runOnlyForDeploymentPostprocessing = 0;
		};
		6506281418819ED100311A39 /* Resources */ = {
			isa = PBXResourcesBuildPhase;
			buildActionMask = 2147483647;
			files = (
				6506282218819ED100311A39 /* InfoPlist.strings in Resources */,
			);
			runOnlyForDeploymentPostprocessing = 0;
		};
/* End PBXResourcesBuildPhase section */

/* Begin PBXSourcesBuildPhase section */
		650627F718819ED100311A39 /* Sources */ = {
			isa = PBXSourcesBuildPhase;
			buildActionMask = 2147483647;
			files = (
				650628321881AA2E00311A39 /* ChineseToPinyin.m in Sources */,
				6506280F18819ED100311A39 /* AppDelegate.m in Sources */,
				6506280B18819ED100311A39 /* main.m in Sources */,
			);
			runOnlyForDeploymentPostprocessing = 0;
		};
		6506281218819ED100311A39 /* Sources */ = {
			isa = PBXSourcesBuildPhase;
			buildActionMask = 2147483647;
			files = (
				6506282418819ED100311A39 /* NewCityTests.m in Sources */,
			);
			runOnlyForDeploymentPostprocessing = 0;
		};
/* End PBXSourcesBuildPhase section */

/* Begin PBXTargetDependency section */
		6506281C18819ED100311A39 /* PBXTargetDependency */ = {
			isa = PBXTargetDependency;
			target = 650627FA18819ED100311A39 /* NewCity */;
			targetProxy = 6506281B18819ED100311A39 /* PBXContainerItemProxy */;
		};
/* End PBXTargetDependency section */

/* Begin PBXVariantGroup section */
		6506280718819ED100311A39 /* InfoPlist.strings */ = {
			isa = PBXVariantGroup;
			children = (
				6506280818819ED100311A39 /* en */,
			);
			name = InfoPlist.strings;
			sourceTree = "<group>";
		};
		6506282018819ED100311A39 /* InfoPlist.strings */ = {
			isa = PBXVariantGroup;
			children = (
				6506282118819ED100311A39 /* en */,
			);
			name = InfoPlist.strings;
			sourceTree = "<group>";
		};
/* End PBXVariantGroup section */

/* Begin XCBuildConfiguration section */
		6506282518819ED100311A39 /* Debug */ = {
			isa = XCBuildConfiguration;
			buildSettings = {
				ALWAYS_SEARCH_USER_PATHS = NO;
				ARCHS = "$(ARCHS_STANDARD_INCLUDING_64_BIT)";
				CLANG_CXX_LANGUAGE_STANDARD = "gnu++0x";
				CLANG_CXX_LIBRARY = "libc++";
				CLANG_ENABLE_MODULES = YES;
				CLANG_ENABLE_OBJC_ARC = YES;
				CLANG_WARN_BOOL_CONVERSION = YES;
				CLANG_WARN_CONSTANT_CONVERSION = YES;
				CLANG_WARN_DIRECT_OBJC_ISA_USAGE = YES_ERROR;
				CLANG_WARN_EMPTY_BODY = YES;
				CLANG_WARN_ENUM_CONVERSION = YES;
				CLANG_WARN_INT_CONVERSION = YES;
				CLANG_WARN_OBJC_ROOT_CLASS = YES_ERROR;
				CLANG_WARN__DUPLICATE_METHOD_MATCH = YES;
				"CODE_SIGN_IDENTITY[sdk=iphoneos*]" = "iPhone Developer";
				COPY_PHASE_STRIP = NO;
				GCC_C_LANGUAGE_STANDARD = gnu99;
				GCC_DYNAMIC_NO_PIC = NO;
				GCC_OPTIMIZATION_LEVEL = 0;
				GCC_PREPROCESSOR_DEFINITIONS = (
					"DEBUG=1",
					"$(inherited)",
				);
				GCC_SYMBOLS_PRIVATE_EXTERN = NO;
				GCC_WARN_64_TO_32_BIT_CONVERSION = YES;
				GCC_WARN_ABOUT_RETURN_TYPE = YES_ERROR;
				GCC_WARN_UNDECLARED_SELECTOR = YES;
				GCC_WARN_UNINITIALIZED_AUTOS = YES;
				GCC_WARN_UNUSED_FUNCTION = YES;
				GCC_WARN_UNUSED_VARIABLE = YES;
				IPHONEOS_DEPLOYMENT_TARGET = 7.0;
				ONLY_ACTIVE_ARCH = YES;
				SDKROOT = iphoneos;
				TARGETED_DEVICE_FAMILY = "1,2";
			};
			name = Debug;
		};
		6506282618819ED100311A39 /* Release */ = {
			isa = XCBuildConfiguration;
			buildSettings = {
				ALWAYS_SEARCH_USER_PATHS = NO;
				ARCHS = "$(ARCHS_STANDARD_INCLUDING_64_BIT)";
				CLANG_CXX_LANGUAGE_STANDARD = "gnu++0x";
				CLANG_CXX_LIBRARY = "libc++";
				CLANG_ENABLE_MODULES = YES;
				CLANG_ENABLE_OBJC_ARC = YES;
				CLANG_WARN_BOOL_CONVERSION = YES;
				CLANG_WARN_CONSTANT_CONVERSION = YES;
				CLANG_WARN_DIRECT_OBJC_ISA_USAGE = YES_ERROR;
				CLANG_WARN_EMPTY_BODY = YES;
				CLANG_WARN_ENUM_CONVERSION = YES;
				CLANG_WARN_INT_CONVERSION = YES;
				CLANG_WARN_OBJC_ROOT_CLASS = YES_ERROR;
				CLANG_WARN__DUPLICATE_METHOD_MATCH = YES;
				"CODE_SIGN_IDENTITY[sdk=iphoneos*]" = "iPhone Developer";
				COPY_PHASE_STRIP = YES;
				ENABLE_NS_ASSERTIONS = NO;
				GCC_C_LANGUAGE_STANDARD = gnu99;
				GCC_WARN_64_TO_32_BIT_CONVERSION = YES;
				GCC_WARN_ABOUT_RETURN_TYPE = YES_ERROR;
				GCC_WARN_UNDECLARED_SELECTOR = YES;
				GCC_WARN_UNINITIALIZED_AUTOS = YES;
				GCC_WARN_UNUSED_FUNCTION = YES;
				GCC_WARN_UNUSED_VARIABLE = YES;
				IPHONEOS_DEPLOYMENT_TARGET = 7.0;
				SDKROOT = iphoneos;
				TARGETED_DEVICE_FAMILY = "1,2";
				VALIDATE_PRODUCT = YES;
			};
			name = Release;
		};
		6506282818819ED100311A39 /* Debug */ = {
			isa = XCBuildConfiguration;
			buildSettings = {
				ASSETCATALOG_COMPILER_APPICON_NAME = AppIcon;
				ASSETCATALOG_COMPILER_LAUNCHIMAGE_NAME = LaunchImage;
				GCC_PRECOMPILE_PREFIX_HEADER = YES;
				GCC_PREFIX_HEADER = "NewCity/NewCity-Prefix.pch";
				INFOPLIST_FILE = "NewCity/NewCity-Info.plist";
				PRODUCT_NAME = "$(TARGET_NAME)";
				WRAPPER_EXTENSION = app;
			};
			name = Debug;
		};
		6506282918819ED100311A39 /* Release */ = {
			isa = XCBuildConfiguration;
			buildSettings = {
				ASSETCATALOG_COMPILER_APPICON_NAME = AppIcon;
				ASSETCATALOG_COMPILER_LAUNCHIMAGE_NAME = LaunchImage;
				GCC_PRECOMPILE_PREFIX_HEADER = YES;
				GCC_PREFIX_HEADER = "NewCity/NewCity-Prefix.pch";
				INFOPLIST_FILE = "NewCity/NewCity-Info.plist";
				PRODUCT_NAME = "$(TARGET_NAME)";
				WRAPPER_EXTENSION = app;
			};
			name = Release;
		};
		6506282B18819ED100311A39 /* Debug */ = {
			isa = XCBuildConfiguration;
			buildSettings = {
				ARCHS = "$(ARCHS_STANDARD_INCLUDING_64_BIT)";
				BUNDLE_LOADER = "$(BUILT_PRODUCTS_DIR)/NewCity.app/NewCity";
				FRAMEWORK_SEARCH_PATHS = (
					"$(SDKROOT)/Developer/Library/Frameworks",
					"$(inherited)",
					"$(DEVELOPER_FRAMEWORKS_DIR)",
				);
				GCC_PRECOMPILE_PREFIX_HEADER = YES;
				GCC_PREFIX_HEADER = "NewCity/NewCity-Prefix.pch";
				GCC_PREPROCESSOR_DEFINITIONS = (
					"DEBUG=1",
					"$(inherited)",
				);
				INFOPLIST_FILE = "NewCityTests/NewCityTests-Info.plist";
				PRODUCT_NAME = "$(TARGET_NAME)";
				TEST_HOST = "$(BUNDLE_LOADER)";
				WRAPPER_EXTENSION = xctest;
			};
			name = Debug;
		};
		6506282C18819ED100311A39 /* Release */ = {
			isa = XCBuildConfiguration;
			buildSettings = {
				ARCHS = "$(ARCHS_STANDARD_INCLUDING_64_BIT)";
				BUNDLE_LOADER = "$(BUILT_PRODUCTS_DIR)/NewCity.app/NewCity";
				FRAMEWORK_SEARCH_PATHS = (
					"$(SDKROOT)/Developer/Library/Frameworks",
					"$(inherited)",
					"$(DEVELOPER_FRAMEWORKS_DIR)",
				);
				GCC_PRECOMPILE_PREFIX_HEADER = YES;
				GCC_PREFIX_HEADER = "NewCity/NewCity-Prefix.pch";
				INFOPLIST_FILE = "NewCityTests/NewCityTests-Info.plist";
				PRODUCT_NAME = "$(TARGET_NAME)";
				TEST_HOST = "$(BUNDLE_LOADER)";
				WRAPPER_EXTENSION = xctest;
			};
			name = Release;
		};
/* End XCBuildConfiguration section */

/* Begin XCConfigurationList section */
		650627F618819ED100311A39 /* Build configuration list for PBXProject "NewCity" */ = {
			isa = XCConfigurationList;
			buildConfigurations = (
				6506282518819ED100311A39 /* Debug */,
				6506282618819ED100311A39 /* Release */,
			);
			defaultConfigurationIsVisible = 0;
			defaultConfigurationName = Release;
		};
		6506282718819ED100311A39 /* Build configuration list for PBXNativeTarget "NewCity" */ = {
			isa = XCConfigurationList;
			buildConfigurations = (
				6506282818819ED100311A39 /* Debug */,
				6506282918819ED100311A39 /* Release */,
			);
			defaultConfigurationIsVisible = 0;
		};
		6506282A18819ED100311A39 /* Build configuration list for PBXNativeTarget "NewCityTests" */ = {
			isa = XCConfigurationList;
			buildConfigurations = (
				6506282B18819ED100311A39 /* Debug */,
				6506282C18819ED100311A39 /* Release */,
			);
			defaultConfigurationIsVisible = 0;
		};
/* End XCConfigurationList section */
	};
	rootObject = 650627F318819ED100311A39 /* Project object */;
}
