// !$*UTF8*$!
{
	archiveVersion = 1;
	classes = {
	};
	objectVersion = 46;
	objects = {

/* Begin PBXBuildFile section */
		F0F47BEF1A40365E002AB0C0 /* main.m in Sources */ = {isa = PBXBuildFile; fileRef = F0F47BEE1A40365E002AB0C0 /* main.m */; };
		F0F47BF21A40365E002AB0C0 /* AppDelegate.m in Sources */ = {isa = PBXBuildFile; fileRef = F0F47BF11A40365E002AB0C0 /* AppDelegate.m */; };
		F0F47BF51A40365E002AB0C0 /* ViewController.m in Sources */ = {isa = PBXBuildFile; fileRef = F0F47BF41A40365E002AB0C0 /* ViewController.m */; };
		F0F47BF81A40365E002AB0C0 /* Main.storyboard in Resources */ = {isa = PBXBuildFile; fileRef = F0F47BF61A40365E002AB0C0 /* Main.storyboard */; };
		F0F47BFA1A40365E002AB0C0 /* Images.xcassets in Resources */ = {isa = PBXBuildFile; fileRef = F0F47BF91A40365E002AB0C0 /* Images.xcassets */; };
		F0F47BFD1A40365E002AB0C0 /* LaunchScreen.xib in Resources */ = {isa = PBXBuildFile; fileRef = F0F47BFB1A40365E002AB0C0 /* LaunchScreen.xib */; };
		F0F47C091A40365E002AB0C0 /* InvestmentAppraisalViewControllerDemoTests.m in Sources */ = {isa = PBXBuildFile; fileRef = F0F47C081A40365E002AB0C0 /* InvestmentAppraisalViewControllerDemoTests.m */; };
		F0F47C151A403676002AB0C0 /* InvestmentAppraisalViewController.m in Sources */ = {isa = PBXBuildFile; fileRef = F0F47C131A403676002AB0C0 /* InvestmentAppraisalViewController.m */; };
		F0F47C161A403676002AB0C0 /* InvestmentAppraisalViewController.xib in Resources */ = {isa = PBXBuildFile; fileRef = F0F47C141A403676002AB0C0 /* InvestmentAppraisalViewController.xib */; };
		F0F47C191A403D50002AB0C0 /* UIColor+String.m in Sources */ = {isa = PBXBuildFile; fileRef = F0F47C181A403D50002AB0C0 /* UIColor+String.m */; };
		F0F47C1C1A403F49002AB0C0 /* MDQuestView.m in Sources */ = {isa = PBXBuildFile; fileRef = F0F47C1B1A403F49002AB0C0 /* MDQuestView.m */; };
		F0F47C1E1A403F71002AB0C0 /* MDQuestView.xib in Resources */ = {isa = PBXBuildFile; fileRef = F0F47C1D1A403F71002AB0C0 /* MDQuestView.xib */; };
		F0F47C211A40454C002AB0C0 /* UIView+MDXibView.m in Sources */ = {isa = PBXBuildFile; fileRef = F0F47C201A40454C002AB0C0 /* UIView+MDXibView.m */; };
		F0F47C241A404564002AB0C0 /* InputAgeView.m in Sources */ = {isa = PBXBuildFile; fileRef = F0F47C231A404564002AB0C0 /* InputAgeView.m */; };
		F0F47C261A40456D002AB0C0 /* InputAgeView.xib in Resources */ = {isa = PBXBuildFile; fileRef = F0F47C251A40456D002AB0C0 /* InputAgeView.xib */; };
		F0F47C291A404693002AB0C0 /* InputAmountView.m in Sources */ = {isa = PBXBuildFile; fileRef = F0F47C281A404693002AB0C0 /* InputAmountView.m */; };
		F0F47C2B1A40469C002AB0C0 /* InputAmountView.xib in Resources */ = {isa = PBXBuildFile; fileRef = F0F47C2A1A40469C002AB0C0 /* InputAmountView.xib */; };
		F0F47C2D1A404751002AB0C0 /* InputInvestView.xib in Resources */ = {isa = PBXBuildFile; fileRef = F0F47C2C1A404751002AB0C0 /* InputInvestView.xib */; };
		F0F47C301A404773002AB0C0 /* InputInvestView.m in Sources */ = {isa = PBXBuildFile; fileRef = F0F47C2F1A404773002AB0C0 /* InputInvestView.m */; };
/* End PBXBuildFile section */

/* Begin PBXContainerItemProxy section */
		F0F47C031A40365E002AB0C0 /* PBXContainerItemProxy */ = {
			isa = PBXContainerItemProxy;
			containerPortal = F0F47BE11A40365E002AB0C0 /* Project object */;
			proxyType = 1;
			remoteGlobalIDString = F0F47BE81A40365E002AB0C0;
			remoteInfo = InvestmentAppraisalViewControllerDemo;
		};
/* End PBXContainerItemProxy section */

/* Begin PBXFileReference section */
		F0F47BE91A40365E002AB0C0 /* InvestmentAppraisalViewControllerDemo.app */ = {isa = PBXFileReference; explicitFileType = wrapper.application; includeInIndex = 0; path = InvestmentAppraisalViewControllerDemo.app; sourceTree = BUILT_PRODUCTS_DIR; };
		F0F47BED1A40365E002AB0C0 /* Info.plist */ = {isa = PBXFileReference; lastKnownFileType = text.plist.xml; path = Info.plist; sourceTree = "<group>"; };
		F0F47BEE1A40365E002AB0C0 /* main.m */ = {isa = PBXFileReference; lastKnownFileType = sourcecode.c.objc; path = main.m; sourceTree = "<group>"; };
		F0F47BF01A40365E002AB0C0 /* AppDelegate.h */ = {isa = PBXFileReference; lastKnownFileType = sourcecode.c.h; path = AppDelegate.h; sourceTree = "<group>"; };
		F0F47BF11A40365E002AB0C0 /* AppDelegate.m */ = {isa = PBXFileReference; lastKnownFileType = sourcecode.c.objc; path = AppDelegate.m; sourceTree = "<group>"; };
		F0F47BF31A40365E002AB0C0 /* ViewController.h */ = {isa = PBXFileReference; lastKnownFileType = sourcecode.c.h; path = ViewController.h; sourceTree = "<group>"; };
		F0F47BF41A40365E002AB0C0 /* ViewController.m */ = {isa = PBXFileReference; lastKnownFileType = sourcecode.c.objc; path = ViewController.m; sourceTree = "<group>"; };
		F0F47BF71A40365E002AB0C0 /* Base */ = {isa = PBXFileReference; lastKnownFileType = file.storyboard; name = Base; path = Base.lproj/Main.storyboard; sourceTree = "<group>"; };
		F0F47BF91A40365E002AB0C0 /* Images.xcassets */ = {isa = PBXFileReference; lastKnownFileType = folder.assetcatalog; path = Images.xcassets; sourceTree = "<group>"; };
		F0F47BFC1A40365E002AB0C0 /* Base */ = {isa = PBXFileReference; lastKnownFileType = file.xib; name = Base; path = Base.lproj/LaunchScreen.xib; sourceTree = "<group>"; };
		F0F47C021A40365E002AB0C0 /* InvestmentAppraisalViewControllerDemoTests.xctest */ = {isa = PBXFileReference; explicitFileType = wrapper.cfbundle; includeInIndex = 0; path = InvestmentAppraisalViewControllerDemoTests.xctest; sourceTree = BUILT_PRODUCTS_DIR; };
		F0F47C071A40365E002AB0C0 /* Info.plist */ = {isa = PBXFileReference; lastKnownFileType = text.plist.xml; path = Info.plist; sourceTree = "<group>"; };
		F0F47C081A40365E002AB0C0 /* InvestmentAppraisalViewControllerDemoTests.m */ = {isa = PBXFileReference; lastKnownFileType = sourcecode.c.objc; path = InvestmentAppraisalViewControllerDemoTests.m; sourceTree = "<group>"; };
		F0F47C121A403676002AB0C0 /* InvestmentAppraisalViewController.h */ = {isa = PBXFileReference; fileEncoding = 4; lastKnownFileType = sourcecode.c.h; path = InvestmentAppraisalViewController.h; sourceTree = "<group>"; };
		F0F47C131A403676002AB0C0 /* InvestmentAppraisalViewController.m */ = {isa = PBXFileReference; fileEncoding = 4; lastKnownFileType = sourcecode.c.objc; path = InvestmentAppraisalViewController.m; sourceTree = "<group>"; };
		F0F47C141A403676002AB0C0 /* InvestmentAppraisalViewController.xib */ = {isa = PBXFileReference; fileEncoding = 4; lastKnownFileType = file.xib; path = InvestmentAppraisalViewController.xib; sourceTree = "<group>"; };
		F0F47C171A403D50002AB0C0 /* UIColor+String.h */ = {isa = PBXFileReference; fileEncoding = 4; lastKnownFileType = sourcecode.c.h; path = "UIColor+String.h"; sourceTree = "<group>"; };
		F0F47C181A403D50002AB0C0 /* UIColor+String.m */ = {isa = PBXFileReference; fileEncoding = 4; lastKnownFileType = sourcecode.c.objc; path = "UIColor+String.m"; sourceTree = "<group>"; };
		F0F47C1A1A403F49002AB0C0 /* MDQuestView.h */ = {isa = PBXFileReference; fileEncoding = 4; lastKnownFileType = sourcecode.c.h; path = MDQuestView.h; sourceTree = "<group>"; };
		F0F47C1B1A403F49002AB0C0 /* MDQuestView.m */ = {isa = PBXFileReference; fileEncoding = 4; lastKnownFileType = sourcecode.c.objc; path = MDQuestView.m; sourceTree = "<group>"; };
		F0F47C1D1A403F71002AB0C0 /* MDQuestView.xib */ = {isa = PBXFileReference; fileEncoding = 4; lastKnownFileType = file.xib; path = MDQuestView.xib; sourceTree = "<group>"; };
		F0F47C1F1A40454C002AB0C0 /* UIView+MDXibView.h */ = {isa = PBXFileReference; fileEncoding = 4; lastKnownFileType = sourcecode.c.h; path = "UIView+MDXibView.h"; sourceTree = "<group>"; };
		F0F47C201A40454C002AB0C0 /* UIView+MDXibView.m */ = {isa = PBXFileReference; fileEncoding = 4; lastKnownFileType = sourcecode.c.objc; path = "UIView+MDXibView.m"; sourceTree = "<group>"; };
		F0F47C221A404564002AB0C0 /* InputAgeView.h */ = {isa = PBXFileReference; fileEncoding = 4; lastKnownFileType = sourcecode.c.h; path = InputAgeView.h; sourceTree = "<group>"; };
		F0F47C231A404564002AB0C0 /* InputAgeView.m */ = {isa = PBXFileReference; fileEncoding = 4; lastKnownFileType = sourcecode.c.objc; path = InputAgeView.m; sourceTree = "<group>"; };
		F0F47C251A40456D002AB0C0 /* InputAgeView.xib */ = {isa = PBXFileReference; fileEncoding = 4; lastKnownFileType = file.xib; path = InputAgeView.xib; sourceTree = "<group>"; };
		F0F47C271A404693002AB0C0 /* InputAmountView.h */ = {isa = PBXFileReference; fileEncoding = 4; lastKnownFileType = sourcecode.c.h; path = InputAmountView.h; sourceTree = "<group>"; };
		F0F47C281A404693002AB0C0 /* InputAmountView.m */ = {isa = PBXFileReference; fileEncoding = 4; lastKnownFileType = sourcecode.c.objc; path = InputAmountView.m; sourceTree = "<group>"; };
		F0F47C2A1A40469C002AB0C0 /* InputAmountView.xib */ = {isa = PBXFileReference; fileEncoding = 4; lastKnownFileType = file.xib; path = InputAmountView.xib; sourceTree = "<group>"; };
		F0F47C2C1A404751002AB0C0 /* InputInvestView.xib */ = {isa = PBXFileReference; fileEncoding = 4; lastKnownFileType = file.xib; path = InputInvestView.xib; sourceTree = "<group>"; };
		F0F47C2E1A404773002AB0C0 /* InputInvestView.h */ = {isa = PBXFileReference; fileEncoding = 4; lastKnownFileType = sourcecode.c.h; path = InputInvestView.h; sourceTree = "<group>"; };
		F0F47C2F1A404773002AB0C0 /* InputInvestView.m */ = {isa = PBXFileReference; fileEncoding = 4; lastKnownFileType = sourcecode.c.objc; path = InputInvestView.m; sourceTree = "<group>"; };
/* End PBXFileReference section */

/* Begin PBXFrameworksBuildPhase section */
		F0F47BE61A40365E002AB0C0 /* Frameworks */ = {
			isa = PBXFrameworksBuildPhase;
			buildActionMask = 2147483647;
			files = (
			);
			runOnlyForDeploymentPostprocessing = 0;
		};
		F0F47BFF1A40365E002AB0C0 /* Frameworks */ = {
			isa = PBXFrameworksBuildPhase;
			buildActionMask = 2147483647;
			files = (
			);
			runOnlyForDeploymentPostprocessing = 0;
		};
/* End PBXFrameworksBuildPhase section */

/* Begin PBXGroup section */
		F0F47BE01A40365E002AB0C0 = {
			isa = PBXGroup;
			children = (
				F0F47BEB1A40365E002AB0C0 /* InvestmentAppraisalViewControllerDemo */,
				F0F47C051A40365E002AB0C0 /* InvestmentAppraisalViewControllerDemoTests */,
				F0F47BEA1A40365E002AB0C0 /* Products */,
			);
			sourceTree = "<group>";
		};
		F0F47BEA1A40365E002AB0C0 /* Products */ = {
			isa = PBXGroup;
			children = (
				F0F47BE91A40365E002AB0C0 /* InvestmentAppraisalViewControllerDemo.app */,
				F0F47C021A40365E002AB0C0 /* InvestmentAppraisalViewControllerDemoTests.xctest */,
			);
			name = Products;
			sourceTree = "<group>";
		};
		F0F47BEB1A40365E002AB0C0 /* InvestmentAppraisalViewControllerDemo */ = {
			isa = PBXGroup;
			children = (
				F0F47BF01A40365E002AB0C0 /* AppDelegate.h */,
				F0F47BF11A40365E002AB0C0 /* AppDelegate.m */,
				F0F47BF31A40365E002AB0C0 /* ViewController.h */,
				F0F47BF41A40365E002AB0C0 /* ViewController.m */,
				F0F47BF61A40365E002AB0C0 /* Main.storyboard */,
				F0F47C121A403676002AB0C0 /* InvestmentAppraisalViewController.h */,
				F0F47C131A403676002AB0C0 /* InvestmentAppraisalViewController.m */,
				F0F47C141A403676002AB0C0 /* InvestmentAppraisalViewController.xib */,
				F0F47C1A1A403F49002AB0C0 /* MDQuestView.h */,
				F0F47C1B1A403F49002AB0C0 /* MDQuestView.m */,
				F0F47C1D1A403F71002AB0C0 /* MDQuestView.xib */,
				F0F47C221A404564002AB0C0 /* InputAgeView.h */,
				F0F47C231A404564002AB0C0 /* InputAgeView.m */,
				F0F47C251A40456D002AB0C0 /* InputAgeView.xib */,
				F0F47C271A404693002AB0C0 /* InputAmountView.h */,
				F0F47C281A404693002AB0C0 /* InputAmountView.m */,
				F0F47C2A1A40469C002AB0C0 /* InputAmountView.xib */,
				F0F47C2E1A404773002AB0C0 /* InputInvestView.h */,
				F0F47C2F1A404773002AB0C0 /* InputInvestView.m */,
				F0F47C2C1A404751002AB0C0 /* InputInvestView.xib */,
				F0F47C171A403D50002AB0C0 /* UIColor+String.h */,
				F0F47C181A403D50002AB0C0 /* UIColor+String.m */,
				F0F47C1F1A40454C002AB0C0 /* UIView+MDXibView.h */,
				F0F47C201A40454C002AB0C0 /* UIView+MDXibView.m */,
				F0F47BF91A40365E002AB0C0 /* Images.xcassets */,
				F0F47BFB1A40365E002AB0C0 /* LaunchScreen.xib */,
				F0F47BEC1A40365E002AB0C0 /* Supporting Files */,
			);
			path = InvestmentAppraisalViewControllerDemo;
			sourceTree = "<group>";
		};
		F0F47BEC1A40365E002AB0C0 /* Supporting Files */ = {
			isa = PBXGroup;
			children = (
				F0F47BED1A40365E002AB0C0 /* Info.plist */,
				F0F47BEE1A40365E002AB0C0 /* main.m */,
			);
			name = "Supporting Files";
			sourceTree = "<group>";
		};
		F0F47C051A40365E002AB0C0 /* InvestmentAppraisalViewControllerDemoTests */ = {
			isa = PBXGroup;
			children = (
				F0F47C081A40365E002AB0C0 /* InvestmentAppraisalViewControllerDemoTests.m */,
				F0F47C061A40365E002AB0C0 /* Supporting Files */,
			);
			path = InvestmentAppraisalViewControllerDemoTests;
			sourceTree = "<group>";
		};
		F0F47C061A40365E002AB0C0 /* Supporting Files */ = {
			isa = PBXGroup;
			children = (
				F0F47C071A40365E002AB0C0 /* Info.plist */,
			);
			name = "Supporting Files";
			sourceTree = "<group>";
		};
/* End PBXGroup section */

/* Begin PBXNativeTarget section */
		F0F47BE81A40365E002AB0C0 /* InvestmentAppraisalViewControllerDemo */ = {
			isa = PBXNativeTarget;
			buildConfigurationList = F0F47C0C1A40365E002AB0C0 /* Build configuration list for PBXNativeTarget "InvestmentAppraisalViewControllerDemo" */;
			buildPhases = (
				F0F47BE51A40365E002AB0C0 /* Sources */,
				F0F47BE61A40365E002AB0C0 /* Frameworks */,
				F0F47BE71A40365E002AB0C0 /* Resources */,
			);
			buildRules = (
			);
			dependencies = (
			);
			name = InvestmentAppraisalViewControllerDemo;
			productName = InvestmentAppraisalViewControllerDemo;
			productReference = F0F47BE91A40365E002AB0C0 /* InvestmentAppraisalViewControllerDemo.app */;
			productType = "com.apple.product-type.application";
		};
		F0F47C011A40365E002AB0C0 /* InvestmentAppraisalViewControllerDemoTests */ = {
			isa = PBXNativeTarget;
			buildConfigurationList = F0F47C0F1A40365E002AB0C0 /* Build configuration list for PBXNativeTarget "InvestmentAppraisalViewControllerDemoTests" */;
			buildPhases = (
				F0F47BFE1A40365E002AB0C0 /* Sources */,
				F0F47BFF1A40365E002AB0C0 /* Frameworks */,
				F0F47C001A40365E002AB0C0 /* Resources */,
			);
			buildRules = (
			);
			dependencies = (
				F0F47C041A40365E002AB0C0 /* PBXTargetDependency */,
			);
			name = InvestmentAppraisalViewControllerDemoTests;
			productName = InvestmentAppraisalViewControllerDemoTests;
			productReference = F0F47C021A40365E002AB0C0 /* InvestmentAppraisalViewControllerDemoTests.xctest */;
			productType = "com.apple.product-type.bundle.unit-test";
		};
/* End PBXNativeTarget section */

/* Begin PBXProject section */
		F0F47BE11A40365E002AB0C0 /* Project object */ = {
			isa = PBXProject;
			attributes = {
				LastUpgradeCheck = 0610;
				ORGANIZATIONNAME = MIDUO;
				TargetAttributes = {
					F0F47BE81A40365E002AB0C0 = {
						CreatedOnToolsVersion = 6.1;
					};
					F0F47C011A40365E002AB0C0 = {
						CreatedOnToolsVersion = 6.1;
						TestTargetID = F0F47BE81A40365E002AB0C0;
					};
				};
			};
			buildConfigurationList = F0F47BE41A40365E002AB0C0 /* Build configuration list for PBXProject "InvestmentAppraisalViewControllerDemo" */;
			compatibilityVersion = "Xcode 3.2";
			developmentRegion = English;
			hasScannedForEncodings = 0;
			knownRegions = (
				en,
				Base,
			);
			mainGroup = F0F47BE01A40365E002AB0C0;
			productRefGroup = F0F47BEA1A40365E002AB0C0 /* Products */;
			projectDirPath = "";
			projectRoot = "";
			targets = (
				F0F47BE81A40365E002AB0C0 /* InvestmentAppraisalViewControllerDemo */,
				F0F47C011A40365E002AB0C0 /* InvestmentAppraisalViewControllerDemoTests */,
			);
		};
/* End PBXProject section */

/* Begin PBXResourcesBuildPhase section */
		F0F47BE71A40365E002AB0C0 /* Resources */ = {
			isa = PBXResourcesBuildPhase;
			buildActionMask = 2147483647;
			files = (
				F0F47C2D1A404751002AB0C0 /* InputInvestView.xib in Resources */,
				F0F47C1E1A403F71002AB0C0 /* MDQuestView.xib in Resources */,
				F0F47C2B1A40469C002AB0C0 /* InputAmountView.xib in Resources */,
				F0F47C261A40456D002AB0C0 /* InputAgeView.xib in Resources */,
				F0F47BF81A40365E002AB0C0 /* Main.storyboard in Resources */,
				F0F47BFD1A40365E002AB0C0 /* LaunchScreen.xib in Resources */,
				F0F47BFA1A40365E002AB0C0 /* Images.xcassets in Resources */,
				F0F47C161A403676002AB0C0 /* InvestmentAppraisalViewController.xib in Resources */,
			);
			runOnlyForDeploymentPostprocessing = 0;
		};
		F0F47C001A40365E002AB0C0 /* Resources */ = {
			isa = PBXResourcesBuildPhase;
			buildActionMask = 2147483647;
			files = (
			);
			runOnlyForDeploymentPostprocessing = 0;
		};
/* End PBXResourcesBuildPhase section */

/* Begin PBXSourcesBuildPhase section */
		F0F47BE51A40365E002AB0C0 /* Sources */ = {
			isa = PBXSourcesBuildPhase;
			buildActionMask = 2147483647;
			files = (
				F0F47BF51A40365E002AB0C0 /* ViewController.m in Sources */,
				F0F47C241A404564002AB0C0 /* InputAgeView.m in Sources */,
				F0F47BF21A40365E002AB0C0 /* AppDelegate.m in Sources */,
				F0F47C291A404693002AB0C0 /* InputAmountView.m in Sources */,
				F0F47C301A404773002AB0C0 /* InputInvestView.m in Sources */,
				F0F47C211A40454C002AB0C0 /* UIView+MDXibView.m in Sources */,
				F0F47C191A403D50002AB0C0 /* UIColor+String.m in Sources */,
				F0F47BEF1A40365E002AB0C0 /* main.m in Sources */,
				F0F47C1C1A403F49002AB0C0 /* MDQuestView.m in Sources */,
				F0F47C151A403676002AB0C0 /* InvestmentAppraisalViewController.m in Sources */,
			);
			runOnlyForDeploymentPostprocessing = 0;
		};
		F0F47BFE1A40365E002AB0C0 /* Sources */ = {
			isa = PBXSourcesBuildPhase;
			buildActionMask = 2147483647;
			files = (
				F0F47C091A40365E002AB0C0 /* InvestmentAppraisalViewControllerDemoTests.m in Sources */,
			);
			runOnlyForDeploymentPostprocessing = 0;
		};
/* End PBXSourcesBuildPhase section */

/* Begin PBXTargetDependency section */
		F0F47C041A40365E002AB0C0 /* PBXTargetDependency */ = {
			isa = PBXTargetDependency;
			target = F0F47BE81A40365E002AB0C0 /* InvestmentAppraisalViewControllerDemo */;
			targetProxy = F0F47C031A40365E002AB0C0 /* PBXContainerItemProxy */;
		};
/* End PBXTargetDependency section */

/* Begin PBXVariantGroup section */
		F0F47BF61A40365E002AB0C0 /* Main.storyboard */ = {
			isa = PBXVariantGroup;
			children = (
				F0F47BF71A40365E002AB0C0 /* Base */,
			);
			name = Main.storyboard;
			sourceTree = "<group>";
		};
		F0F47BFB1A40365E002AB0C0 /* LaunchScreen.xib */ = {
			isa = PBXVariantGroup;
			children = (
				F0F47BFC1A40365E002AB0C0 /* Base */,
			);
			name = LaunchScreen.xib;
			sourceTree = "<group>";
		};
/* End PBXVariantGroup section */

/* Begin XCBuildConfiguration section */
		F0F47C0A1A40365E002AB0C0 /* Debug */ = {
			isa = XCBuildConfiguration;
			buildSettings = {
				ALWAYS_SEARCH_USER_PATHS = NO;
				CLANG_CXX_LANGUAGE_STANDARD = "gnu++0x";
				CLANG_CXX_LIBRARY = "libc++";
				CLANG_ENABLE_MODULES = YES;
				CLANG_ENABLE_OBJC_ARC = YES;
				CLANG_WARN_BOOL_CONVERSION = YES;
				CLANG_WARN_CONSTANT_CONVERSION = YES;
				CLANG_WARN_DIRECT_OBJC_ISA_USAGE = YES_ERROR;
				CLANG_WARN_EMPTY_BODY = YES;
				CLANG_WARN_ENUM_CONVERSION = YES;
				CLANG_WARN_INT_CONVERSION = YES;
				CLANG_WARN_OBJC_ROOT_CLASS = YES_ERROR;
				CLANG_WARN_UNREACHABLE_CODE = YES;
				CLANG_WARN__DUPLICATE_METHOD_MATCH = YES;
				"CODE_SIGN_IDENTITY[sdk=iphoneos*]" = "iPhone Developer";
				COPY_PHASE_STRIP = NO;
				ENABLE_STRICT_OBJC_MSGSEND = YES;
				GCC_C_LANGUAGE_STANDARD = gnu99;
				GCC_DYNAMIC_NO_PIC = NO;
				GCC_OPTIMIZATION_LEVEL = 0;
				GCC_PREPROCESSOR_DEFINITIONS = (
					"DEBUG=1",
					"$(inherited)",
				);
				GCC_SYMBOLS_PRIVATE_EXTERN = NO;
				GCC_WARN_64_TO_32_BIT_CONVERSION = YES;
				GCC_WARN_ABOUT_RETURN_TYPE = YES_ERROR;
				GCC_WARN_UNDECLARED_SELECTOR = YES;
				GCC_WARN_UNINITIALIZED_AUTOS = YES_AGGRESSIVE;
				GCC_WARN_UNUSED_FUNCTION = YES;
				GCC_WARN_UNUSED_VARIABLE = YES;
				IPHONEOS_DEPLOYMENT_TARGET = 8.1;
				MTL_ENABLE_DEBUG_INFO = YES;
				ONLY_ACTIVE_ARCH = YES;
				SDKROOT = iphoneos;
			};
			name = Debug;
		};
		F0F47C0B1A40365E002AB0C0 /* Release */ = {
			isa = XCBuildConfiguration;
			buildSettings = {
				ALWAYS_SEARCH_USER_PATHS = NO;
				CLANG_CXX_LANGUAGE_STANDARD = "gnu++0x";
				CLANG_CXX_LIBRARY = "libc++";
				CLANG_ENABLE_MODULES = YES;
				CLANG_ENABLE_OBJC_ARC = YES;
				CLANG_WARN_BOOL_CONVERSION = YES;
				CLANG_WARN_CONSTANT_CONVERSION = YES;
				CLANG_WARN_DIRECT_OBJC_ISA_USAGE = YES_ERROR;
				CLANG_WARN_EMPTY_BODY = YES;
				CLANG_WARN_ENUM_CONVERSION = YES;
				CLANG_WARN_INT_CONVERSION = YES;
				CLANG_WARN_OBJC_ROOT_CLASS = YES_ERROR;
				CLANG_WARN_UNREACHABLE_CODE = YES;
				CLANG_WARN__DUPLICATE_METHOD_MATCH = YES;
				"CODE_SIGN_IDENTITY[sdk=iphoneos*]" = "iPhone Developer";
				COPY_PHASE_STRIP = YES;
				ENABLE_NS_ASSERTIONS = NO;
				ENABLE_STRICT_OBJC_MSGSEND = YES;
				GCC_C_LANGUAGE_STANDARD = gnu99;
				GCC_WARN_64_TO_32_BIT_CONVERSION = YES;
				GCC_WARN_ABOUT_RETURN_TYPE = YES_ERROR;
				GCC_WARN_UNDECLARED_SELECTOR = YES;
				GCC_WARN_UNINITIALIZED_AUTOS = YES_AGGRESSIVE;
				GCC_WARN_UNUSED_FUNCTION = YES;
				GCC_WARN_UNUSED_VARIABLE = YES;
				IPHONEOS_DEPLOYMENT_TARGET = 8.1;
				MTL_ENABLE_DEBUG_INFO = NO;
				SDKROOT = iphoneos;
				VALIDATE_PRODUCT = YES;
			};
			name = Release;
		};
		F0F47C0D1A40365E002AB0C0 /* Debug */ = {
			isa = XCBuildConfiguration;
			buildSettings = {
				ASSETCATALOG_COMPILER_APPICON_NAME = AppIcon;
				INFOPLIST_FILE = InvestmentAppraisalViewControllerDemo/Info.plist;
				LD_RUNPATH_SEARCH_PATHS = "$(inherited) @executable_path/Frameworks";
				PRODUCT_NAME = "$(TARGET_NAME)";
			};
			name = Debug;
		};
		F0F47C0E1A40365E002AB0C0 /* Release */ = {
			isa = XCBuildConfiguration;
			buildSettings = {
				ASSETCATALOG_COMPILER_APPICON_NAME = AppIcon;
				INFOPLIST_FILE = InvestmentAppraisalViewControllerDemo/Info.plist;
				LD_RUNPATH_SEARCH_PATHS = "$(inherited) @executable_path/Frameworks";
				PRODUCT_NAME = "$(TARGET_NAME)";
			};
			name = Release;
		};
		F0F47C101A40365E002AB0C0 /* Debug */ = {
			isa = XCBuildConfiguration;
			buildSettings = {
				BUNDLE_LOADER = "$(TEST_HOST)";
				FRAMEWORK_SEARCH_PATHS = (
					"$(SDKROOT)/Developer/Library/Frameworks",
					"$(inherited)",
				);
				GCC_PREPROCESSOR_DEFINITIONS = (
					"DEBUG=1",
					"$(inherited)",
				);
				INFOPLIST_FILE = InvestmentAppraisalViewControllerDemoTests/Info.plist;
				LD_RUNPATH_SEARCH_PATHS = "$(inherited) @executable_path/Frameworks @loader_path/Frameworks";
				PRODUCT_NAME = "$(TARGET_NAME)";
				TEST_HOST = "$(BUILT_PRODUCTS_DIR)/InvestmentAppraisalViewControllerDemo.app/InvestmentAppraisalViewControllerDemo";
			};
			name = Debug;
		};
		F0F47C111A40365E002AB0C0 /* Release */ = {
			isa = XCBuildConfiguration;
			buildSettings = {
				BUNDLE_LOADER = "$(TEST_HOST)";
				FRAMEWORK_SEARCH_PATHS = (
					"$(SDKROOT)/Developer/Library/Frameworks",
					"$(inherited)",
				);
				INFOPLIST_FILE = InvestmentAppraisalViewControllerDemoTests/Info.plist;
				LD_RUNPATH_SEARCH_PATHS = "$(inherited) @executable_path/Frameworks @loader_path/Frameworks";
				PRODUCT_NAME = "$(TARGET_NAME)";
				TEST_HOST = "$(BUILT_PRODUCTS_DIR)/InvestmentAppraisalViewControllerDemo.app/InvestmentAppraisalViewControllerDemo";
			};
			name = Release;
		};
/* End XCBuildConfiguration section */

/* Begin XCConfigurationList section */
		F0F47BE41A40365E002AB0C0 /* Build configuration list for PBXProject "InvestmentAppraisalViewControllerDemo" */ = {
			isa = XCConfigurationList;
			buildConfigurations = (
				F0F47C0A1A40365E002AB0C0 /* Debug */,
				F0F47C0B1A40365E002AB0C0 /* Release */,
			);
			defaultConfigurationIsVisible = 0;
			defaultConfigurationName = Release;
		};
		F0F47C0C1A40365E002AB0C0 /* Build configuration list for PBXNativeTarget "InvestmentAppraisalViewControllerDemo" */ = {
			isa = XCConfigurationList;
			buildConfigurations = (
				F0F47C0D1A40365E002AB0C0 /* Debug */,
				F0F47C0E1A40365E002AB0C0 /* Release */,
			);
			defaultConfigurationIsVisible = 0;
		};
		F0F47C0F1A40365E002AB0C0 /* Build configuration list for PBXNativeTarget "InvestmentAppraisalViewControllerDemoTests" */ = {
			isa = XCConfigurationList;
			buildConfigurations = (
				F0F47C101A40365E002AB0C0 /* Debug */,
				F0F47C111A40365E002AB0C0 /* Release */,
			);
			defaultConfigurationIsVisible = 0;
		};
/* End XCConfigurationList section */
	};
	rootObject = F0F47BE11A40365E002AB0C0 /* Project object */;
}
