// !$*UTF8*$!
{
	archiveVersion = 1;
	classes = {
	};
	objectVersion = 46;
	objects = {

/* Begin PBXBuildFile section */
		F01BBC0A1A2FFC5C0039F0D1 /* Model.swift in Sources */ = {isa = PBXBuildFile; fileRef = F01BBC091A2FFC5C0039F0D1 /* Model.swift */; };
/* End PBXBuildFile section */

/* Begin PBXFileReference section */
		F01BBBFE1A2FF9A00039F0D1 /* BundleTest.bundle */ = {isa = PBXFileReference; explicitFileType = wrapper.cfbundle; includeInIndex = 0; path = BundleTest.bundle; sourceTree = BUILT_PRODUCTS_DIR; };
		F01BBC021A2FF9A00039F0D1 /* Info.plist */ = {isa = PBXFileReference; lastKnownFileType = text.plist.xml; path = Info.plist; sourceTree = "<group>"; };
		F01BBC081A2FFC5C0039F0D1 /* BundleTest-Bridging-Header.h */ = {isa = PBXFileReference; lastKnownFileType = sourcecode.c.h; path = "BundleTest-Bridging-Header.h"; sourceTree = "<group>"; };
		F01BBC091A2FFC5C0039F0D1 /* Model.swift */ = {isa = PBXFileReference; fileEncoding = 4; lastKnownFileType = sourcecode.swift; path = Model.swift; sourceTree = "<group>"; };
/* End PBXFileReference section */

/* Begin PBXFrameworksBuildPhase section */
		F01BBBFB1A2FF9A00039F0D1 /* Frameworks */ = {
			isa = PBXFrameworksBuildPhase;
			buildActionMask = 2147483647;
			files = (
			);
			runOnlyForDeploymentPostprocessing = 0;
		};
/* End PBXFrameworksBuildPhase section */

/* Begin PBXGroup section */
		F01BBBF51A2FF9A00039F0D1 = {
			isa = PBXGroup;
			children = (
				F01BBC001A2FF9A00039F0D1 /* BundleTest */,
				F01BBBFF1A2FF9A00039F0D1 /* Products */,
			);
			sourceTree = "<group>";
		};
		F01BBBFF1A2FF9A00039F0D1 /* Products */ = {
			isa = PBXGroup;
			children = (
				F01BBBFE1A2FF9A00039F0D1 /* BundleTest.bundle */,
			);
			name = Products;
			sourceTree = "<group>";
		};
		F01BBC001A2FF9A00039F0D1 /* BundleTest */ = {
			isa = PBXGroup;
			children = (
				F01BBC011A2FF9A00039F0D1 /* Supporting Files */,
				F01BBC091A2FFC5C0039F0D1 /* Model.swift */,
				F01BBC081A2FFC5C0039F0D1 /* BundleTest-Bridging-Header.h */,
			);
			path = BundleTest;
			sourceTree = "<group>";
		};
		F01BBC011A2FF9A00039F0D1 /* Supporting Files */ = {
			isa = PBXGroup;
			children = (
				F01BBC021A2FF9A00039F0D1 /* Info.plist */,
			);
			name = "Supporting Files";
			sourceTree = "<group>";
		};
/* End PBXGroup section */

/* Begin PBXNativeTarget section */
		F01BBBFD1A2FF9A00039F0D1 /* BundleTest */ = {
			isa = PBXNativeTarget;
			buildConfigurationList = F01BBC051A2FF9A00039F0D1 /* Build configuration list for PBXNativeTarget "BundleTest" */;
			buildPhases = (
				F01BBBFA1A2FF9A00039F0D1 /* Sources */,
				F01BBBFB1A2FF9A00039F0D1 /* Frameworks */,
				F01BBBFC1A2FF9A00039F0D1 /* Resources */,
			);
			buildRules = (
			);
			dependencies = (
			);
			name = BundleTest;
			productName = BundleTest;
			productReference = F01BBBFE1A2FF9A00039F0D1 /* BundleTest.bundle */;
			productType = "com.apple.product-type.bundle";
		};
/* End PBXNativeTarget section */

/* Begin PBXProject section */
		F01BBBF61A2FF9A00039F0D1 /* Project object */ = {
			isa = PBXProject;
			attributes = {
				LastUpgradeCheck = 0610;
				ORGANIZATIONNAME = sfwan;
				TargetAttributes = {
					F01BBBFD1A2FF9A00039F0D1 = {
						CreatedOnToolsVersion = 6.1;
					};
				};
			};
			buildConfigurationList = F01BBBF91A2FF9A00039F0D1 /* Build configuration list for PBXProject "BundleTest" */;
			compatibilityVersion = "Xcode 3.2";
			developmentRegion = English;
			hasScannedForEncodings = 0;
			knownRegions = (
				en,
			);
			mainGroup = F01BBBF51A2FF9A00039F0D1;
			productRefGroup = F01BBBFF1A2FF9A00039F0D1 /* Products */;
			projectDirPath = "";
			projectRoot = "";
			targets = (
				F01BBBFD1A2FF9A00039F0D1 /* BundleTest */,
			);
		};
/* End PBXProject section */

/* Begin PBXResourcesBuildPhase section */
		F01BBBFC1A2FF9A00039F0D1 /* Resources */ = {
			isa = PBXResourcesBuildPhase;
			buildActionMask = 2147483647;
			files = (
			);
			runOnlyForDeploymentPostprocessing = 0;
		};
/* End PBXResourcesBuildPhase section */

/* Begin PBXSourcesBuildPhase section */
		F01BBBFA1A2FF9A00039F0D1 /* Sources */ = {
			isa = PBXSourcesBuildPhase;
			buildActionMask = 2147483647;
			files = (
				F01BBC0A1A2FFC5C0039F0D1 /* Model.swift in Sources */,
			);
			runOnlyForDeploymentPostprocessing = 0;
		};
/* End PBXSourcesBuildPhase section */

/* Begin XCBuildConfiguration section */
		F01BBC031A2FF9A00039F0D1 /* Debug */ = {
			isa = XCBuildConfiguration;
			buildSettings = {
				ALWAYS_SEARCH_USER_PATHS = NO;
				CLANG_CXX_LANGUAGE_STANDARD = "gnu++0x";
				CLANG_CXX_LIBRARY = "libc++";
				CLANG_ENABLE_MODULES = YES;
				CLANG_ENABLE_OBJC_ARC = YES;
				CLANG_WARN_BOOL_CONVERSION = YES;
				CLANG_WARN_CONSTANT_CONVERSION = YES;
				CLANG_WARN_DIRECT_OBJC_ISA_USAGE = YES_ERROR;
				CLANG_WARN_EMPTY_BODY = YES;
				CLANG_WARN_ENUM_CONVERSION = YES;
				CLANG_WARN_INT_CONVERSION = YES;
				CLANG_WARN_OBJC_ROOT_CLASS = YES_ERROR;
				CLANG_WARN_UNREACHABLE_CODE = YES;
				CLANG_WARN__DUPLICATE_METHOD_MATCH = YES;
				COPY_PHASE_STRIP = NO;
				ENABLE_STRICT_OBJC_MSGSEND = YES;
				GCC_C_LANGUAGE_STANDARD = gnu99;
				GCC_DYNAMIC_NO_PIC = NO;
				GCC_OPTIMIZATION_LEVEL = 0;
				GCC_PREPROCESSOR_DEFINITIONS = (
					"DEBUG=1",
					"$(inherited)",
				);
				GCC_SYMBOLS_PRIVATE_EXTERN = NO;
				GCC_WARN_64_TO_32_BIT_CONVERSION = YES;
				GCC_WARN_ABOUT_RETURN_TYPE = YES_ERROR;
				GCC_WARN_UNDECLARED_SELECTOR = YES;
				GCC_WARN_UNINITIALIZED_AUTOS = YES_AGGRESSIVE;
				GCC_WARN_UNUSED_FUNCTION = YES;
				GCC_WARN_UNUSED_VARIABLE = YES;
				MACOSX_DEPLOYMENT_TARGET = 10.9;
				MTL_ENABLE_DEBUG_INFO = YES;
				ONLY_ACTIVE_ARCH = YES;
				SDKROOT = macosx;
			};
			name = Debug;
		};
		F01BBC041A2FF9A00039F0D1 /* Release */ = {
			isa = XCBuildConfiguration;
			buildSettings = {
				ALWAYS_SEARCH_USER_PATHS = NO;
				CLANG_CXX_LANGUAGE_STANDARD = "gnu++0x";
				CLANG_CXX_LIBRARY = "libc++";
				CLANG_ENABLE_MODULES = YES;
				CLANG_ENABLE_OBJC_ARC = YES;
				CLANG_WARN_BOOL_CONVERSION = YES;
				CLANG_WARN_CONSTANT_CONVERSION = YES;
				CLANG_WARN_DIRECT_OBJC_ISA_USAGE = YES_ERROR;
				CLANG_WARN_EMPTY_BODY = YES;
				CLANG_WARN_ENUM_CONVERSION = YES;
				CLANG_WARN_INT_CONVERSION = YES;
				CLANG_WARN_OBJC_ROOT_CLASS = YES_ERROR;
				CLANG_WARN_UNREACHABLE_CODE = YES;
				CLANG_WARN__DUPLICATE_METHOD_MATCH = YES;
				COPY_PHASE_STRIP = YES;
				DEBUG_INFORMATION_FORMAT = "dwarf-with-dsym";
				ENABLE_NS_ASSERTIONS = NO;
				ENABLE_STRICT_OBJC_MSGSEND = YES;
				GCC_C_LANGUAGE_STANDARD = gnu99;
				GCC_WARN_64_TO_32_BIT_CONVERSION = YES;
				GCC_WARN_ABOUT_RETURN_TYPE = YES_ERROR;
				GCC_WARN_UNDECLARED_SELECTOR = YES;
				GCC_WARN_UNINITIALIZED_AUTOS = YES_AGGRESSIVE;
				GCC_WARN_UNUSED_FUNCTION = YES;
				GCC_WARN_UNUSED_VARIABLE = YES;
				MACOSX_DEPLOYMENT_TARGET = 10.9;
				MTL_ENABLE_DEBUG_INFO = NO;
				SDKROOT = macosx;
			};
			name = Release;
		};
		F01BBC061A2FF9A00039F0D1 /* Debug */ = {
			isa = XCBuildConfiguration;
			buildSettings = {
				CLANG_ENABLE_MODULES = YES;
				COMBINE_HIDPI_IMAGES = YES;
				INFOPLIST_FILE = BundleTest/Info.plist;
				INSTALL_PATH = "$(LOCAL_LIBRARY_DIR)/Bundles";
				LD_RUNPATH_SEARCH_PATHS = "$(inherited) @executable_path/../Frameworks @loader_path/../Frameworks";
				PRODUCT_NAME = "$(TARGET_NAME)";
				SKIP_INSTALL = YES;
				SWIFT_OBJC_BRIDGING_HEADER = "BundleTest/BundleTest-Bridging-Header.h";
				SWIFT_OPTIMIZATION_LEVEL = "-Onone";
				WRAPPER_EXTENSION = bundle;
			};
			name = Debug;
		};
		F01BBC071A2FF9A00039F0D1 /* Release */ = {
			isa = XCBuildConfiguration;
			buildSettings = {
				CLANG_ENABLE_MODULES = YES;
				COMBINE_HIDPI_IMAGES = YES;
				INFOPLIST_FILE = BundleTest/Info.plist;
				INSTALL_PATH = "$(LOCAL_LIBRARY_DIR)/Bundles";
				LD_RUNPATH_SEARCH_PATHS = "$(inherited) @executable_path/../Frameworks @loader_path/../Frameworks";
				PRODUCT_NAME = "$(TARGET_NAME)";
				SKIP_INSTALL = YES;
				SWIFT_OBJC_BRIDGING_HEADER = "BundleTest/BundleTest-Bridging-Header.h";
				WRAPPER_EXTENSION = bundle;
			};
			name = Release;
		};
/* End XCBuildConfiguration section */

/* Begin XCConfigurationList section */
		F01BBBF91A2FF9A00039F0D1 /* Build configuration list for PBXProject "BundleTest" */ = {
			isa = XCConfigurationList;
			buildConfigurations = (
				F01BBC031A2FF9A00039F0D1 /* Debug */,
				F01BBC041A2FF9A00039F0D1 /* Release */,
			);
			defaultConfigurationIsVisible = 0;
			defaultConfigurationName = Release;
		};
		F01BBC051A2FF9A00039F0D1 /* Build configuration list for PBXNativeTarget "BundleTest" */ = {
			isa = XCConfigurationList;
			buildConfigurations = (
				F01BBC061A2FF9A00039F0D1 /* Debug */,
				F01BBC071A2FF9A00039F0D1 /* Release */,
			);
			defaultConfigurationIsVisible = 0;
		};
/* End XCConfigurationList section */
	};
	rootObject = F01BBBF61A2FF9A00039F0D1 /* Project object */;
}
