// !$*UTF8*$!
{
	archiveVersion = 1;
	classes = {
	};
	objectVersion = 46;
	objects = {

/* Begin PBXBuildFile section */
		F0D04B19198F21A50020F7E6 /* RootViewController.m in Sources */ = {isa = PBXBuildFile; fileRef = F0D04B17198F21A50020F7E6 /* RootViewController.m */; };
		F0D04B1A198F21A50020F7E6 /* RootViewController.xib in Resources */ = {isa = PBXBuildFile; fileRef = F0D04B18198F21A50020F7E6 /* RootViewController.xib */; };
		F0D37314198B6C5E00B08176 /* Foundation.framework in Frameworks */ = {isa = PBXBuildFile; fileRef = F0D37313198B6C5E00B08176 /* Foundation.framework */; };
		F0D37316198B6C5E00B08176 /* CoreGraphics.framework in Frameworks */ = {isa = PBXBuildFile; fileRef = F0D37315198B6C5E00B08176 /* CoreGraphics.framework */; };
		F0D37318198B6C5E00B08176 /* UIKit.framework in Frameworks */ = {isa = PBXBuildFile; fileRef = F0D37317198B6C5E00B08176 /* UIKit.framework */; };
		F0D3731E198B6C5E00B08176 /* InfoPlist.strings in Resources */ = {isa = PBXBuildFile; fileRef = F0D3731C198B6C5E00B08176 /* InfoPlist.strings */; };
		F0D37320198B6C5E00B08176 /* main.m in Sources */ = {isa = PBXBuildFile; fileRef = F0D3731F198B6C5E00B08176 /* main.m */; };
		F0D37324198B6C5E00B08176 /* AppDelegate.m in Sources */ = {isa = PBXBuildFile; fileRef = F0D37323198B6C5E00B08176 /* AppDelegate.m */; };
		F0D37326198B6C5E00B08176 /* Images.xcassets in Resources */ = {isa = PBXBuildFile; fileRef = F0D37325198B6C5E00B08176 /* Images.xcassets */; };
		F0D3732D198B6C5E00B08176 /* XCTest.framework in Frameworks */ = {isa = PBXBuildFile; fileRef = F0D3732C198B6C5E00B08176 /* XCTest.framework */; };
		F0D3732E198B6C5E00B08176 /* Foundation.framework in Frameworks */ = {isa = PBXBuildFile; fileRef = F0D37313198B6C5E00B08176 /* Foundation.framework */; };
		F0D3732F198B6C5E00B08176 /* UIKit.framework in Frameworks */ = {isa = PBXBuildFile; fileRef = F0D37317198B6C5E00B08176 /* UIKit.framework */; };
		F0D37337198B6C5E00B08176 /* InfoPlist.strings in Resources */ = {isa = PBXBuildFile; fileRef = F0D37335198B6C5E00B08176 /* InfoPlist.strings */; };
		F0D37339198B6C5E00B08176 /* AVAudioPlayerDemoTests.m in Sources */ = {isa = PBXBuildFile; fileRef = F0D37338198B6C5E00B08176 /* AVAudioPlayerDemoTests.m */; };
		F0D37343198B6D3600B08176 /* AudioToolbox.framework in Frameworks */ = {isa = PBXBuildFile; fileRef = F0D37342198B6D3600B08176 /* AudioToolbox.framework */; };
		F0D37345198B6D3B00B08176 /* AVFoundation.framework in Frameworks */ = {isa = PBXBuildFile; fileRef = F0D37344198B6D3B00B08176 /* AVFoundation.framework */; };
		F0D37348198B6D8200B08176 /* AVPlayerProvider.m in Sources */ = {isa = PBXBuildFile; fileRef = F0D37347198B6D8200B08176 /* AVPlayerProvider.m */; };
		F0D3734B198B6E7F00B08176 /* AudioToolbox.m in Sources */ = {isa = PBXBuildFile; fileRef = F0D3734A198B6E7F00B08176 /* AudioToolbox.m */; };
/* End PBXBuildFile section */

/* Begin PBXContainerItemProxy section */
		F0D37330198B6C5E00B08176 /* PBXContainerItemProxy */ = {
			isa = PBXContainerItemProxy;
			containerPortal = F0D37308198B6C5E00B08176 /* Project object */;
			proxyType = 1;
			remoteGlobalIDString = F0D3730F198B6C5E00B08176;
			remoteInfo = AVAudioPlayerDemo;
		};
/* End PBXContainerItemProxy section */

/* Begin PBXFileReference section */
		F0D04B16198F21A50020F7E6 /* RootViewController.h */ = {isa = PBXFileReference; fileEncoding = 4; lastKnownFileType = sourcecode.c.h; path = RootViewController.h; sourceTree = "<group>"; };
		F0D04B17198F21A50020F7E6 /* RootViewController.m */ = {isa = PBXFileReference; fileEncoding = 4; lastKnownFileType = sourcecode.c.objc; path = RootViewController.m; sourceTree = "<group>"; };
		F0D04B18198F21A50020F7E6 /* RootViewController.xib */ = {isa = PBXFileReference; fileEncoding = 4; lastKnownFileType = file.xib; path = RootViewController.xib; sourceTree = "<group>"; };
		F0D37310198B6C5E00B08176 /* AVAudioPlayerDemo.app */ = {isa = PBXFileReference; explicitFileType = wrapper.application; includeInIndex = 0; path = AVAudioPlayerDemo.app; sourceTree = BUILT_PRODUCTS_DIR; };
		F0D37313198B6C5E00B08176 /* Foundation.framework */ = {isa = PBXFileReference; lastKnownFileType = wrapper.framework; name = Foundation.framework; path = System/Library/Frameworks/Foundation.framework; sourceTree = SDKROOT; };
		F0D37315198B6C5E00B08176 /* CoreGraphics.framework */ = {isa = PBXFileReference; lastKnownFileType = wrapper.framework; name = CoreGraphics.framework; path = System/Library/Frameworks/CoreGraphics.framework; sourceTree = SDKROOT; };
		F0D37317198B6C5E00B08176 /* UIKit.framework */ = {isa = PBXFileReference; lastKnownFileType = wrapper.framework; name = UIKit.framework; path = System/Library/Frameworks/UIKit.framework; sourceTree = SDKROOT; };
		F0D3731B198B6C5E00B08176 /* AVAudioPlayerDemo-Info.plist */ = {isa = PBXFileReference; lastKnownFileType = text.plist.xml; path = "AVAudioPlayerDemo-Info.plist"; sourceTree = "<group>"; };
		F0D3731D198B6C5E00B08176 /* en */ = {isa = PBXFileReference; lastKnownFileType = text.plist.strings; name = en; path = en.lproj/InfoPlist.strings; sourceTree = "<group>"; };
		F0D3731F198B6C5E00B08176 /* main.m */ = {isa = PBXFileReference; lastKnownFileType = sourcecode.c.objc; path = main.m; sourceTree = "<group>"; };
		F0D37321198B6C5E00B08176 /* AVAudioPlayerDemo-Prefix.pch */ = {isa = PBXFileReference; lastKnownFileType = sourcecode.c.h; path = "AVAudioPlayerDemo-Prefix.pch"; sourceTree = "<group>"; };
		F0D37322198B6C5E00B08176 /* AppDelegate.h */ = {isa = PBXFileReference; lastKnownFileType = sourcecode.c.h; path = AppDelegate.h; sourceTree = "<group>"; };
		F0D37323198B6C5E00B08176 /* AppDelegate.m */ = {isa = PBXFileReference; lastKnownFileType = sourcecode.c.objc; path = AppDelegate.m; sourceTree = "<group>"; };
		F0D37325198B6C5E00B08176 /* Images.xcassets */ = {isa = PBXFileReference; lastKnownFileType = folder.assetcatalog; path = Images.xcassets; sourceTree = "<group>"; };
		F0D3732B198B6C5E00B08176 /* AVAudioPlayerDemoTests.xctest */ = {isa = PBXFileReference; explicitFileType = wrapper.cfbundle; includeInIndex = 0; path = AVAudioPlayerDemoTests.xctest; sourceTree = BUILT_PRODUCTS_DIR; };
		F0D3732C198B6C5E00B08176 /* XCTest.framework */ = {isa = PBXFileReference; lastKnownFileType = wrapper.framework; name = XCTest.framework; path = Library/Frameworks/XCTest.framework; sourceTree = DEVELOPER_DIR; };
		F0D37334198B6C5E00B08176 /* AVAudioPlayerDemoTests-Info.plist */ = {isa = PBXFileReference; lastKnownFileType = text.plist.xml; path = "AVAudioPlayerDemoTests-Info.plist"; sourceTree = "<group>"; };
		F0D37336198B6C5E00B08176 /* en */ = {isa = PBXFileReference; lastKnownFileType = text.plist.strings; name = en; path = en.lproj/InfoPlist.strings; sourceTree = "<group>"; };
		F0D37338198B6C5E00B08176 /* AVAudioPlayerDemoTests.m */ = {isa = PBXFileReference; lastKnownFileType = sourcecode.c.objc; path = AVAudioPlayerDemoTests.m; sourceTree = "<group>"; };
		F0D37342198B6D3600B08176 /* AudioToolbox.framework */ = {isa = PBXFileReference; lastKnownFileType = wrapper.framework; name = AudioToolbox.framework; path = System/Library/Frameworks/AudioToolbox.framework; sourceTree = SDKROOT; };
		F0D37344198B6D3B00B08176 /* AVFoundation.framework */ = {isa = PBXFileReference; lastKnownFileType = wrapper.framework; name = AVFoundation.framework; path = System/Library/Frameworks/AVFoundation.framework; sourceTree = SDKROOT; };
		F0D37346198B6D8200B08176 /* AVPlayerProvider.h */ = {isa = PBXFileReference; fileEncoding = 4; lastKnownFileType = sourcecode.c.h; path = AVPlayerProvider.h; sourceTree = "<group>"; };
		F0D37347198B6D8200B08176 /* AVPlayerProvider.m */ = {isa = PBXFileReference; fileEncoding = 4; lastKnownFileType = sourcecode.c.objc; path = AVPlayerProvider.m; sourceTree = "<group>"; };
		F0D37349198B6E7F00B08176 /* AudioToolbox.h */ = {isa = PBXFileReference; fileEncoding = 4; lastKnownFileType = sourcecode.c.h; path = AudioToolbox.h; sourceTree = "<group>"; };
		F0D3734A198B6E7F00B08176 /* AudioToolbox.m */ = {isa = PBXFileReference; fileEncoding = 4; lastKnownFileType = sourcecode.c.objc; path = AudioToolbox.m; sourceTree = "<group>"; };
/* End PBXFileReference section */

/* Begin PBXFrameworksBuildPhase section */
		F0D3730D198B6C5E00B08176 /* Frameworks */ = {
			isa = PBXFrameworksBuildPhase;
			buildActionMask = 2147483647;
			files = (
				F0D37345198B6D3B00B08176 /* AVFoundation.framework in Frameworks */,
				F0D37343198B6D3600B08176 /* AudioToolbox.framework in Frameworks */,
				F0D37316198B6C5E00B08176 /* CoreGraphics.framework in Frameworks */,
				F0D37318198B6C5E00B08176 /* UIKit.framework in Frameworks */,
				F0D37314198B6C5E00B08176 /* Foundation.framework in Frameworks */,
			);
			runOnlyForDeploymentPostprocessing = 0;
		};
		F0D37328198B6C5E00B08176 /* Frameworks */ = {
			isa = PBXFrameworksBuildPhase;
			buildActionMask = 2147483647;
			files = (
				F0D3732D198B6C5E00B08176 /* XCTest.framework in Frameworks */,
				F0D3732F198B6C5E00B08176 /* UIKit.framework in Frameworks */,
				F0D3732E198B6C5E00B08176 /* Foundation.framework in Frameworks */,
			);
			runOnlyForDeploymentPostprocessing = 0;
		};
/* End PBXFrameworksBuildPhase section */

/* Begin PBXGroup section */
		F0D37307198B6C5E00B08176 = {
			isa = PBXGroup;
			children = (
				F0D37319198B6C5E00B08176 /* AVAudioPlayerDemo */,
				F0D37332198B6C5E00B08176 /* AVAudioPlayerDemoTests */,
				F0D37312198B6C5E00B08176 /* Frameworks */,
				F0D37311198B6C5E00B08176 /* Products */,
			);
			sourceTree = "<group>";
		};
		F0D37311198B6C5E00B08176 /* Products */ = {
			isa = PBXGroup;
			children = (
				F0D37310198B6C5E00B08176 /* AVAudioPlayerDemo.app */,
				F0D3732B198B6C5E00B08176 /* AVAudioPlayerDemoTests.xctest */,
			);
			name = Products;
			sourceTree = "<group>";
		};
		F0D37312198B6C5E00B08176 /* Frameworks */ = {
			isa = PBXGroup;
			children = (
				F0D37344198B6D3B00B08176 /* AVFoundation.framework */,
				F0D37342198B6D3600B08176 /* AudioToolbox.framework */,
				F0D37313198B6C5E00B08176 /* Foundation.framework */,
				F0D37315198B6C5E00B08176 /* CoreGraphics.framework */,
				F0D37317198B6C5E00B08176 /* UIKit.framework */,
				F0D3732C198B6C5E00B08176 /* XCTest.framework */,
			);
			name = Frameworks;
			sourceTree = "<group>";
		};
		F0D37319198B6C5E00B08176 /* AVAudioPlayerDemo */ = {
			isa = PBXGroup;
			children = (
				F0D37322198B6C5E00B08176 /* AppDelegate.h */,
				F0D37323198B6C5E00B08176 /* AppDelegate.m */,
				F0D37346198B6D8200B08176 /* AVPlayerProvider.h */,
				F0D37347198B6D8200B08176 /* AVPlayerProvider.m */,
				F0D37349198B6E7F00B08176 /* AudioToolbox.h */,
				F0D3734A198B6E7F00B08176 /* AudioToolbox.m */,
				F0D04B16198F21A50020F7E6 /* RootViewController.h */,
				F0D04B17198F21A50020F7E6 /* RootViewController.m */,
				F0D04B18198F21A50020F7E6 /* RootViewController.xib */,
				F0D37325198B6C5E00B08176 /* Images.xcassets */,
				F0D3731A198B6C5E00B08176 /* Supporting Files */,
			);
			path = AVAudioPlayerDemo;
			sourceTree = "<group>";
		};
		F0D3731A198B6C5E00B08176 /* Supporting Files */ = {
			isa = PBXGroup;
			children = (
				F0D3731B198B6C5E00B08176 /* AVAudioPlayerDemo-Info.plist */,
				F0D3731C198B6C5E00B08176 /* InfoPlist.strings */,
				F0D3731F198B6C5E00B08176 /* main.m */,
				F0D37321198B6C5E00B08176 /* AVAudioPlayerDemo-Prefix.pch */,
			);
			name = "Supporting Files";
			sourceTree = "<group>";
		};
		F0D37332198B6C5E00B08176 /* AVAudioPlayerDemoTests */ = {
			isa = PBXGroup;
			children = (
				F0D37338198B6C5E00B08176 /* AVAudioPlayerDemoTests.m */,
				F0D37333198B6C5E00B08176 /* Supporting Files */,
			);
			path = AVAudioPlayerDemoTests;
			sourceTree = "<group>";
		};
		F0D37333198B6C5E00B08176 /* Supporting Files */ = {
			isa = PBXGroup;
			children = (
				F0D37334198B6C5E00B08176 /* AVAudioPlayerDemoTests-Info.plist */,
				F0D37335198B6C5E00B08176 /* InfoPlist.strings */,
			);
			name = "Supporting Files";
			sourceTree = "<group>";
		};
/* End PBXGroup section */

/* Begin PBXNativeTarget section */
		F0D3730F198B6C5E00B08176 /* AVAudioPlayerDemo */ = {
			isa = PBXNativeTarget;
			buildConfigurationList = F0D3733C198B6C5E00B08176 /* Build configuration list for PBXNativeTarget "AVAudioPlayerDemo" */;
			buildPhases = (
				F0D3730C198B6C5E00B08176 /* Sources */,
				F0D3730D198B6C5E00B08176 /* Frameworks */,
				F0D3730E198B6C5E00B08176 /* Resources */,
			);
			buildRules = (
			);
			dependencies = (
			);
			name = AVAudioPlayerDemo;
			productName = AVAudioPlayerDemo;
			productReference = F0D37310198B6C5E00B08176 /* AVAudioPlayerDemo.app */;
			productType = "com.apple.product-type.application";
		};
		F0D3732A198B6C5E00B08176 /* AVAudioPlayerDemoTests */ = {
			isa = PBXNativeTarget;
			buildConfigurationList = F0D3733F198B6C5E00B08176 /* Build configuration list for PBXNativeTarget "AVAudioPlayerDemoTests" */;
			buildPhases = (
				F0D37327198B6C5E00B08176 /* Sources */,
				F0D37328198B6C5E00B08176 /* Frameworks */,
				F0D37329198B6C5E00B08176 /* Resources */,
			);
			buildRules = (
			);
			dependencies = (
				F0D37331198B6C5E00B08176 /* PBXTargetDependency */,
			);
			name = AVAudioPlayerDemoTests;
			productName = AVAudioPlayerDemoTests;
			productReference = F0D3732B198B6C5E00B08176 /* AVAudioPlayerDemoTests.xctest */;
			productType = "com.apple.product-type.bundle.unit-test";
		};
/* End PBXNativeTarget section */

/* Begin PBXProject section */
		F0D37308198B6C5E00B08176 /* Project object */ = {
			isa = PBXProject;
			attributes = {
				LastUpgradeCheck = 0510;
				ORGANIZATIONNAME = sfwan;
				TargetAttributes = {
					F0D3732A198B6C5E00B08176 = {
						TestTargetID = F0D3730F198B6C5E00B08176;
					};
				};
			};
			buildConfigurationList = F0D3730B198B6C5E00B08176 /* Build configuration list for PBXProject "AVAudioPlayerDemo" */;
			compatibilityVersion = "Xcode 3.2";
			developmentRegion = English;
			hasScannedForEncodings = 0;
			knownRegions = (
				en,
			);
			mainGroup = F0D37307198B6C5E00B08176;
			productRefGroup = F0D37311198B6C5E00B08176 /* Products */;
			projectDirPath = "";
			projectRoot = "";
			targets = (
				F0D3730F198B6C5E00B08176 /* AVAudioPlayerDemo */,
				F0D3732A198B6C5E00B08176 /* AVAudioPlayerDemoTests */,
			);
		};
/* End PBXProject section */

/* Begin PBXResourcesBuildPhase section */
		F0D3730E198B6C5E00B08176 /* Resources */ = {
			isa = PBXResourcesBuildPhase;
			buildActionMask = 2147483647;
			files = (
				F0D3731E198B6C5E00B08176 /* InfoPlist.strings in Resources */,
				F0D37326198B6C5E00B08176 /* Images.xcassets in Resources */,
				F0D04B1A198F21A50020F7E6 /* RootViewController.xib in Resources */,
			);
			runOnlyForDeploymentPostprocessing = 0;
		};
		F0D37329198B6C5E00B08176 /* Resources */ = {
			isa = PBXResourcesBuildPhase;
			buildActionMask = 2147483647;
			files = (
				F0D37337198B6C5E00B08176 /* InfoPlist.strings in Resources */,
			);
			runOnlyForDeploymentPostprocessing = 0;
		};
/* End PBXResourcesBuildPhase section */

/* Begin PBXSourcesBuildPhase section */
		F0D3730C198B6C5E00B08176 /* Sources */ = {
			isa = PBXSourcesBuildPhase;
			buildActionMask = 2147483647;
			files = (
				F0D37348198B6D8200B08176 /* AVPlayerProvider.m in Sources */,
				F0D37324198B6C5E00B08176 /* AppDelegate.m in Sources */,
				F0D3734B198B6E7F00B08176 /* AudioToolbox.m in Sources */,
				F0D37320198B6C5E00B08176 /* main.m in Sources */,
				F0D04B19198F21A50020F7E6 /* RootViewController.m in Sources */,
			);
			runOnlyForDeploymentPostprocessing = 0;
		};
		F0D37327198B6C5E00B08176 /* Sources */ = {
			isa = PBXSourcesBuildPhase;
			buildActionMask = 2147483647;
			files = (
				F0D37339198B6C5E00B08176 /* AVAudioPlayerDemoTests.m in Sources */,
			);
			runOnlyForDeploymentPostprocessing = 0;
		};
/* End PBXSourcesBuildPhase section */

/* Begin PBXTargetDependency section */
		F0D37331198B6C5E00B08176 /* PBXTargetDependency */ = {
			isa = PBXTargetDependency;
			target = F0D3730F198B6C5E00B08176 /* AVAudioPlayerDemo */;
			targetProxy = F0D37330198B6C5E00B08176 /* PBXContainerItemProxy */;
		};
/* End PBXTargetDependency section */

/* Begin PBXVariantGroup section */
		F0D3731C198B6C5E00B08176 /* InfoPlist.strings */ = {
			isa = PBXVariantGroup;
			children = (
				F0D3731D198B6C5E00B08176 /* en */,
			);
			name = InfoPlist.strings;
			sourceTree = "<group>";
		};
		F0D37335198B6C5E00B08176 /* InfoPlist.strings */ = {
			isa = PBXVariantGroup;
			children = (
				F0D37336198B6C5E00B08176 /* en */,
			);
			name = InfoPlist.strings;
			sourceTree = "<group>";
		};
/* End PBXVariantGroup section */

/* Begin XCBuildConfiguration section */
		F0D3733A198B6C5E00B08176 /* Debug */ = {
			isa = XCBuildConfiguration;
			buildSettings = {
				ALWAYS_SEARCH_USER_PATHS = NO;
				CLANG_CXX_LANGUAGE_STANDARD = "gnu++0x";
				CLANG_CXX_LIBRARY = "libc++";
				CLANG_ENABLE_MODULES = YES;
				CLANG_ENABLE_OBJC_ARC = YES;
				CLANG_WARN_BOOL_CONVERSION = YES;
				CLANG_WARN_CONSTANT_CONVERSION = YES;
				CLANG_WARN_DIRECT_OBJC_ISA_USAGE = YES_ERROR;
				CLANG_WARN_EMPTY_BODY = YES;
				CLANG_WARN_ENUM_CONVERSION = YES;
				CLANG_WARN_INT_CONVERSION = YES;
				CLANG_WARN_OBJC_ROOT_CLASS = YES_ERROR;
				CLANG_WARN__DUPLICATE_METHOD_MATCH = YES;
				"CODE_SIGN_IDENTITY[sdk=iphoneos*]" = "iPhone Developer";
				COPY_PHASE_STRIP = NO;
				GCC_C_LANGUAGE_STANDARD = gnu99;
				GCC_DYNAMIC_NO_PIC = NO;
				GCC_OPTIMIZATION_LEVEL = 0;
				GCC_PREPROCESSOR_DEFINITIONS = (
					"DEBUG=1",
					"$(inherited)",
				);
				GCC_SYMBOLS_PRIVATE_EXTERN = NO;
				GCC_WARN_64_TO_32_BIT_CONVERSION = YES;
				GCC_WARN_ABOUT_RETURN_TYPE = YES_ERROR;
				GCC_WARN_UNDECLARED_SELECTOR = YES;
				GCC_WARN_UNINITIALIZED_AUTOS = YES_AGGRESSIVE;
				GCC_WARN_UNUSED_FUNCTION = YES;
				GCC_WARN_UNUSED_VARIABLE = YES;
				IPHONEOS_DEPLOYMENT_TARGET = 7.1;
				ONLY_ACTIVE_ARCH = YES;
				SDKROOT = iphoneos;
				TARGETED_DEVICE_FAMILY = "1,2";
			};
			name = Debug;
		};
		F0D3733B198B6C5E00B08176 /* Release */ = {
			isa = XCBuildConfiguration;
			buildSettings = {
				ALWAYS_SEARCH_USER_PATHS = NO;
				CLANG_CXX_LANGUAGE_STANDARD = "gnu++0x";
				CLANG_CXX_LIBRARY = "libc++";
				CLANG_ENABLE_MODULES = YES;
				CLANG_ENABLE_OBJC_ARC = YES;
				CLANG_WARN_BOOL_CONVERSION = YES;
				CLANG_WARN_CONSTANT_CONVERSION = YES;
				CLANG_WARN_DIRECT_OBJC_ISA_USAGE = YES_ERROR;
				CLANG_WARN_EMPTY_BODY = YES;
				CLANG_WARN_ENUM_CONVERSION = YES;
				CLANG_WARN_INT_CONVERSION = YES;
				CLANG_WARN_OBJC_ROOT_CLASS = YES_ERROR;
				CLANG_WARN__DUPLICATE_METHOD_MATCH = YES;
				"CODE_SIGN_IDENTITY[sdk=iphoneos*]" = "iPhone Developer";
				COPY_PHASE_STRIP = YES;
				ENABLE_NS_ASSERTIONS = NO;
				GCC_C_LANGUAGE_STANDARD = gnu99;
				GCC_WARN_64_TO_32_BIT_CONVERSION = YES;
				GCC_WARN_ABOUT_RETURN_TYPE = YES_ERROR;
				GCC_WARN_UNDECLARED_SELECTOR = YES;
				GCC_WARN_UNINITIALIZED_AUTOS = YES_AGGRESSIVE;
				GCC_WARN_UNUSED_FUNCTION = YES;
				GCC_WARN_UNUSED_VARIABLE = YES;
				IPHONEOS_DEPLOYMENT_TARGET = 7.1;
				SDKROOT = iphoneos;
				TARGETED_DEVICE_FAMILY = "1,2";
				VALIDATE_PRODUCT = YES;
			};
			name = Release;
		};
		F0D3733D198B6C5E00B08176 /* Debug */ = {
			isa = XCBuildConfiguration;
			buildSettings = {
				ASSETCATALOG_COMPILER_APPICON_NAME = AppIcon;
				ASSETCATALOG_COMPILER_LAUNCHIMAGE_NAME = LaunchImage;
				GCC_PRECOMPILE_PREFIX_HEADER = YES;
				GCC_PREFIX_HEADER = "AVAudioPlayerDemo/AVAudioPlayerDemo-Prefix.pch";
				INFOPLIST_FILE = "AVAudioPlayerDemo/AVAudioPlayerDemo-Info.plist";
				PRODUCT_NAME = "$(TARGET_NAME)";
				WRAPPER_EXTENSION = app;
			};
			name = Debug;
		};
		F0D3733E198B6C5E00B08176 /* Release */ = {
			isa = XCBuildConfiguration;
			buildSettings = {
				ASSETCATALOG_COMPILER_APPICON_NAME = AppIcon;
				ASSETCATALOG_COMPILER_LAUNCHIMAGE_NAME = LaunchImage;
				GCC_PRECOMPILE_PREFIX_HEADER = YES;
				GCC_PREFIX_HEADER = "AVAudioPlayerDemo/AVAudioPlayerDemo-Prefix.pch";
				INFOPLIST_FILE = "AVAudioPlayerDemo/AVAudioPlayerDemo-Info.plist";
				PRODUCT_NAME = "$(TARGET_NAME)";
				WRAPPER_EXTENSION = app;
			};
			name = Release;
		};
		F0D37340198B6C5E00B08176 /* Debug */ = {
			isa = XCBuildConfiguration;
			buildSettings = {
				BUNDLE_LOADER = "$(BUILT_PRODUCTS_DIR)/AVAudioPlayerDemo.app/AVAudioPlayerDemo";
				FRAMEWORK_SEARCH_PATHS = (
					"$(SDKROOT)/Developer/Library/Frameworks",
					"$(inherited)",
					"$(DEVELOPER_FRAMEWORKS_DIR)",
				);
				GCC_PRECOMPILE_PREFIX_HEADER = YES;
				GCC_PREFIX_HEADER = "AVAudioPlayerDemo/AVAudioPlayerDemo-Prefix.pch";
				GCC_PREPROCESSOR_DEFINITIONS = (
					"DEBUG=1",
					"$(inherited)",
				);
				INFOPLIST_FILE = "AVAudioPlayerDemoTests/AVAudioPlayerDemoTests-Info.plist";
				PRODUCT_NAME = "$(TARGET_NAME)";
				TEST_HOST = "$(BUNDLE_LOADER)";
				WRAPPER_EXTENSION = xctest;
			};
			name = Debug;
		};
		F0D37341198B6C5E00B08176 /* Release */ = {
			isa = XCBuildConfiguration;
			buildSettings = {
				BUNDLE_LOADER = "$(BUILT_PRODUCTS_DIR)/AVAudioPlayerDemo.app/AVAudioPlayerDemo";
				FRAMEWORK_SEARCH_PATHS = (
					"$(SDKROOT)/Developer/Library/Frameworks",
					"$(inherited)",
					"$(DEVELOPER_FRAMEWORKS_DIR)",
				);
				GCC_PRECOMPILE_PREFIX_HEADER = YES;
				GCC_PREFIX_HEADER = "AVAudioPlayerDemo/AVAudioPlayerDemo-Prefix.pch";
				INFOPLIST_FILE = "AVAudioPlayerDemoTests/AVAudioPlayerDemoTests-Info.plist";
				PRODUCT_NAME = "$(TARGET_NAME)";
				TEST_HOST = "$(BUNDLE_LOADER)";
				WRAPPER_EXTENSION = xctest;
			};
			name = Release;
		};
/* End XCBuildConfiguration section */

/* Begin XCConfigurationList section */
		F0D3730B198B6C5E00B08176 /* Build configuration list for PBXProject "AVAudioPlayerDemo" */ = {
			isa = XCConfigurationList;
			buildConfigurations = (
				F0D3733A198B6C5E00B08176 /* Debug */,
				F0D3733B198B6C5E00B08176 /* Release */,
			);
			defaultConfigurationIsVisible = 0;
			defaultConfigurationName = Release;
		};
		F0D3733C198B6C5E00B08176 /* Build configuration list for PBXNativeTarget "AVAudioPlayerDemo" */ = {
			isa = XCConfigurationList;
			buildConfigurations = (
				F0D3733D198B6C5E00B08176 /* Debug */,
				F0D3733E198B6C5E00B08176 /* Release */,
			);
			defaultConfigurationIsVisible = 0;
			defaultConfigurationName = Release;
		};
		F0D3733F198B6C5E00B08176 /* Build configuration list for PBXNativeTarget "AVAudioPlayerDemoTests" */ = {
			isa = XCConfigurationList;
			buildConfigurations = (
				F0D37340198B6C5E00B08176 /* Debug */,
				F0D37341198B6C5E00B08176 /* Release */,
			);
			defaultConfigurationIsVisible = 0;
			defaultConfigurationName = Release;
		};
/* End XCConfigurationList section */
	};
	rootObject = F0D37308198B6C5E00B08176 /* Project object */;
}
